PODS:
  - Alamofire (4.9.1)
  - AppCenter (2.5.3):
    - AppCenter/Analytics (= 2.5.3)
    - AppCenter/Crashes (= 2.5.3)
  - AppCenter/Analytics (2.5.3):
    - AppCenter/Core
  - AppCenter/Core (2.5.3)
  - AppCenter/Crashes (2.5.3):
    - AppCenter/Core
  - MaterialComponents/ActivityIndicator (100.0.0):
    - MaterialComponents/Palettes
    - MaterialComponents/private/Application
    - MDFInternationalization
    - MotionAnimator (~> 2.0)
  - MaterialComponents/AnimationTiming (100.0.0)
  - MaterialComponents/BottomSheet (100.0.0):
    - MaterialComponents/Elevation
    - MaterialComponents/private/KeyboardWatcher
    - MaterialComponents/private/Math
    - MaterialComponents/ShadowElevations
    - MaterialComponents/ShadowLayer
    - MaterialComponents/ShapeLibrary
    - MaterialComponents/Shapes
  - MaterialComponents/Buttons (100.0.0):
    - MaterialComponents/Elevation
    - MaterialComponents/Ink
    - MaterialComponents/private/Math
    - MaterialComponents/Ripple
    - MaterialComponents/ShadowElevations
    - MaterialComponents/ShadowLayer
    - MaterialComponents/Shapes
    - MaterialComponents/Typography
    - MDFInternationalization
    - MDFTextAccessibility
  - MaterialComponents/Dialogs (100.0.0):
    - MaterialComponents/Buttons
    - MaterialComponents/Elevation
    - MaterialComponents/private/KeyboardWatcher
    - MaterialComponents/private/Math
    - MaterialComponents/ShadowElevations
    - MaterialComponents/ShadowLayer
    - MaterialComponents/Typography
    - MDFInternationalization
  - MaterialComponents/Elevation (100.0.0):
    - MaterialComponents/private/Color
    - MaterialComponents/private/Math
  - MaterialComponents/Ink (100.0.0):
    - MaterialComponents/private/Color
    - MaterialComponents/private/Math
  - MaterialComponents/Palettes (100.0.0)
  - MaterialComponents/private/Application (100.0.0)
  - MaterialComponents/private/Color (100.0.0)
  - MaterialComponents/private/KeyboardWatcher (100.0.0):
    - MaterialComponents/private/Application
  - MaterialComponents/private/Math (100.0.0)
  - MaterialComponents/Ripple (100.0.0):
    - MaterialComponents/AnimationTiming
    - MaterialComponents/private/Color
    - MaterialComponents/private/Math
  - MaterialComponents/ShadowElevations (100.0.0)
  - MaterialComponents/ShadowLayer (100.0.0):
    - MaterialComponents/ShadowElevations
  - MaterialComponents/ShapeLibrary (100.0.0):
    - MaterialComponents/private/Math
    - MaterialComponents/Shapes
  - MaterialComponents/Shapes (100.0.0):
    - MaterialComponents/private/Color
    - MaterialComponents/private/Math
    - MaterialComponents/ShadowLayer
  - MaterialComponents/Typography (100.0.0):
    - MaterialComponents/private/Application
    - MaterialComponents/private/Math
  - MDFInternationalization (2.0.0)
  - MDFTextAccessibility (2.0.0)
  - MotionAnimator (2.8.1):
    - MotionInterchange (~> 1.6)
  - MotionInterchange (1.6.0)
  - Nuke (8.3.1)
  - Pageboy (3.5.0)
  - RxAlamofire (5.1.0):
    - RxAlamofire/Core (= 5.1.0)
  - RxAlamofire/Core (5.1.0):
    - Alamofire (~> 4.8)
    - RxSwift (~> 5.0)
  - RxSwift (5.0.1)
  - SnapKit (5.0.1)
  - SwiftyJSON (5.0.0)
  - Tabman (2.7.0):
    - Pageboy (~> 3.5.0)

DEPENDENCIES:
  - Alamofire (~> 4.9.1)
  - AppCenter
  - MaterialComponents/ActivityIndicator
  - MaterialComponents/BottomSheet
  - MaterialComponents/Buttons
  - MaterialComponents/Dialogs
  - MaterialComponents/Ripple
  - Nuke (~> 8.3.1)
  - Pageboy
  - RxAlamofire
  - SnapKit (~> 5.0.0)
  - SwiftyJSON
  - Tabman

SPEC REPOS:
  trunk:
    - Alamofire
    - AppCenter
    - MaterialComponents
    - MDFInternationalization
    - MDFTextAccessibility
    - MotionAnimator
    - MotionInterchange
    - Nuke
    - Pageboy
    - RxAlamofire
    - RxSwift
    - SnapKit
    - SwiftyJSON
    - Tabman

SPEC CHECKSUMS:
  Alamofire: 85e8a02c69d6020a0d734f6054870d7ecb75cf18
  AppCenter: 765ff38c4d360fc5ec61b61a8be24d74cd6d4d83
  MaterialComponents: b4cc6c1649a566d70bd72096f3e1aae2c3701e4f
  MDFInternationalization: 010097556d6b09d2c4ea38e0820ea6d37be6a314
  MDFTextAccessibility: 85c09a1bd9c321f494348e632a25063bcda35a53
  MotionAnimator: ee16aa30567c5bae0fb2750c132915829cfaaf8a
  MotionInterchange: ead0e3ae1f3a5fb539e289debbc7ae036160a10d
  Nuke: 85fb80f8df0cb26c28d2f4e0cb7fb93bcd6548d3
  Pageboy: 3794c578aae5fcce06e90b3ed4a0ad6b807d75bb
  RxAlamofire: a2d7621de4c23a0c6e7b476b504acc32838ee341
  RxSwift: e2dc62b366a3adf6a0be44ba9f405efd4c94e0c4
  SnapKit: 97b92857e3df3a0c71833cce143274bf6ef8e5eb
  SwiftyJSON: 36413e04c44ee145039d332b4f4e2d3e8d6c4db7
  Tabman: d1410767ca481338b8ab1092fff5fe20f4ad226a

PODFILE CHECKSUM: edb549a199a46c756f4b9a5b182e8947727a6daa

COCOAPODS: 1.8.4
