// !$*UTF8*$!
{
	archiveVersion = 1;
	classes = {
	};
	objectVersion = 52;
	objects = {

/* Begin PBXBuildFile section */
		04DD9D43236F0A58009F5187 /* MessageUI.framework in Frameworks */ = {isa = PBXBuildFile; fileRef = 04DD9D41236F0A43009F5187 /* MessageUI.framework */; };
		1A54FD1D9B7E93F3367E6C10 /* DayNightImageView.swift in Sources */ = {isa = PBXBuildFile; fileRef = 1A54F6D86983A7220256314E /* DayNightImageView.swift */; };
		2219372A23C999BD00A58BE5 /* Localizable.strings in Resources */ = {isa = PBXBuildFile; fileRef = 2219372C23C999BD00A58BE5 /* Localizable.strings */; };
		221D26A623D21502003BE444 /* SettingsView.swift in Sources */ = {isa = PBXBuildFile; fileRef = 221D26A523D21502003BE444 /* SettingsView.swift */; };
		221D26AB23D216F3003BE444 /* AppCenterAnalytics.framework in Frameworks */ = {isa = PBXBuildFile; fileRef = 221D26A823D216F2003BE444 /* AppCenterAnalytics.framework */; platformFilter = ios; };
		221D26AC23D216F3003BE444 /* AppCenterCrashes.framework in Frameworks */ = {isa = PBXBuildFile; fileRef = 221D26A923D216F3003BE444 /* AppCenterCrashes.framework */; platformFilter = ios; };
		221D26AD23D216F3003BE444 /* AppCenter.framework in Frameworks */ = {isa = PBXBuildFile; fileRef = 221D26AA23D216F3003BE444 /* AppCenter.framework */; platformFilter = ios; };
		222D46B023C1081B003C754B /* ImagesViewController.swift in Sources */ = {isa = PBXBuildFile; fileRef = 222D46AF23C1081B003C754B /* ImagesViewController.swift */; };
		222D46B323C10CAA003C754B /* ImageRepo.swift in Sources */ = {isa = PBXBuildFile; fileRef = 222D46B223C10CAA003C754B /* ImageRepo.swift */; };
		223D1EE524A3AF86000D04FC /* SearchView.swift in Sources */ = {isa = PBXBuildFile; fileRef = 223D1EE424A3AF86000D04FC /* SearchView.swift */; };
		2247DAF1251F384000DC6F4D /* Colors.swift in Sources */ = {isa = PBXBuildFile; fileRef = 54A56ADEB602096935F951BA /* Colors.swift */; };
		2247DAF2251F384000DC6F4D /* Dimensions.swift in Sources */ = {isa = PBXBuildFile; fileRef = 54A56C275843D1B6C0016A44 /* Dimensions.swift */; };
		2247DAF3251F384000DC6F4D /* Values.swift in Sources */ = {isa = PBXBuildFile; fileRef = 54A5610ACB2BC8B7B3465EE3 /* Values.swift */; };
		2247DAF4251F384000DC6F4D /* R.swift in Sources */ = {isa = PBXBuildFile; fileRef = 22E496B823C9952200B836F0 /* R.swift */; };
		2247DAF5251F384000DC6F4D /* FontSizes.swift in Sources */ = {isa = PBXBuildFile; fileRef = 54A567940B6AD767A48580B6 /* FontSizes.swift */; };
		2247DAF6251F384000DC6F4D /* Keys.swift in Sources */ = {isa = PBXBuildFile; fileRef = 54A563C64A027840336DE12B /* Keys.swift */; };
		2247DAF9251F385A00DC6F4D /* StringExtension.swift in Sources */ = {isa = PBXBuildFile; fileRef = 54A56F847E06CBA141699C1F /* StringExtension.swift */; };
		2247DAFA251F385A00DC6F4D /* UserDefaultsExtension.swift in Sources */ = {isa = PBXBuildFile; fileRef = 54A568D0616F40376A967B11 /* UserDefaultsExtension.swift */; };
		2247DAFB251F385A00DC6F4D /* UIFontExtension.swift in Sources */ = {isa = PBXBuildFile; fileRef = 54A567873B60B294584A7F5A /* UIFontExtension.swift */; };
		2247DAFC251F385A00DC6F4D /* UIViewControllerExtensions.swift in Sources */ = {isa = PBXBuildFile; fileRef = A02FA5BB50846102410E0BC4 /* UIViewControllerExtensions.swift */; };
		2247DAFD251F385A00DC6F4D /* UIViewExtensions.swift in Sources */ = {isa = PBXBuildFile; fileRef = 22A3E01E249F2FB0008159F0 /* UIViewExtensions.swift */; };
		2247DAFE251F385A00DC6F4D /* ColorExtension.swift in Sources */ = {isa = PBXBuildFile; fileRef = 54A56C6078DD80C3B26DA3F0 /* ColorExtension.swift */; };
		2247DAFF251F385A00DC6F4D /* UICollectionViewCellExtensions.swift in Sources */ = {isa = PBXBuildFile; fileRef = 22DC52B423E2D5A700CFD177 /* UICollectionViewCellExtensions.swift */; };
		2247DB00251F385A00DC6F4D /* MiscExtension.swift in Sources */ = {isa = PBXBuildFile; fileRef = 54A56435B1C59D948C33519E /* MiscExtension.swift */; };
		2247DB05251F387E00DC6F4D /* DownloadManager.swift in Sources */ = {isa = PBXBuildFile; fileRef = 2268722A23C4F69800F921F4 /* DownloadManager.swift */; };
		2247DB06251F387E00DC6F4D /* DownloadItem.swift in Sources */ = {isa = PBXBuildFile; fileRef = 1A54F9E0833C69F3D6955493 /* DownloadItem.swift */; };
		2247DB07251F387E00DC6F4D /* AppDb.swift in Sources */ = {isa = PBXBuildFile; fileRef = 2268722C23C61F2D00F921F4 /* AppDb.swift */; };
		2247DB21251F38D500DC6F4D /* UnsplashImage.swift in Sources */ = {isa = PBXBuildFile; fileRef = 54A566581177A56512E3DE30 /* UnsplashImage.swift */; };
		2247DB22251F38D500DC6F4D /* UnsplashUser.swift in Sources */ = {isa = PBXBuildFile; fileRef = 54A56ABD120FB1828A5DCFC3 /* UnsplashUser.swift */; };
		2247DB25251F38F100DC6F4D /* ToastView.swift in Sources */ = {isa = PBXBuildFile; fileRef = 54A56B10293331F08D52173B /* ToastView.swift */; };
		2247DB28251F390500DC6F4D /* Events.swift in Sources */ = {isa = PBXBuildFile; fileRef = 04E5608C23713DAA0085C950 /* Events.swift */; };
		2247DB29251F390500DC6F4D /* ImageIO.swift in Sources */ = {isa = PBXBuildFile; fileRef = 1A54F03AD19D14182EA816F0 /* ImageIO.swift */; };
		2247DB2A251F390500DC6F4D /* Reachability.swift in Sources */ = {isa = PBXBuildFile; fileRef = 227D5D2323C23DEA00B2CC4A /* Reachability.swift */; };
		2247DB2B251F390500DC6F4D /* AppNotification.swift in Sources */ = {isa = PBXBuildFile; fileRef = 228F8E2C23E1AD23002BA1E5 /* AppNotification.swift */; };
		2247DB2C251F390500DC6F4D /* UIs.swift in Sources */ = {isa = PBXBuildFile; fileRef = 0489B479236DF5F4005965D8 /* UIs.swift */; };
		2247DB2D251F390500DC6F4D /* AppKeys.swift in Sources */ = {isa = PBXBuildFile; fileRef = 04E5608A237139E00085C950 /* AppKeys.swift */; };
		2247DB2E251F390500DC6F4D /* AppSettings.swift in Sources */ = {isa = PBXBuildFile; fileRef = 54A56D0B25C0DD1328A6C717 /* AppSettings.swift */; };
		2247DB2F251F390500DC6F4D /* Log.swift in Sources */ = {isa = PBXBuildFile; fileRef = 22E496B223C8B5A500B836F0 /* Log.swift */; };
		2247DB33251F3A1D00DC6F4D /* AppCenterCrashes.framework in Frameworks */ = {isa = PBXBuildFile; fileRef = 221D26A923D216F3003BE444 /* AppCenterCrashes.framework */; platformFilter = ios; };
		2247DB37251F3A1D00DC6F4D /* AppCenter.framework in Frameworks */ = {isa = PBXBuildFile; fileRef = 221D26AA23D216F3003BE444 /* AppCenter.framework */; platformFilter = ios; };
		2247DB3A251F3A2200DC6F4D /* AppCenterAnalytics.framework in Frameworks */ = {isa = PBXBuildFile; fileRef = 221D26A823D216F2003BE444 /* AppCenterAnalytics.framework */; platformFilter = ios; };
		2247DB3F251F3A7D00DC6F4D /* Request.swift in Sources */ = {isa = PBXBuildFile; fileRef = 54A56F8B96F974BAFC1A7D2E /* Request.swift */; };
		2247DB44251F3AAC00DC6F4D /* Misc.swift in Sources */ = {isa = PBXBuildFile; fileRef = 2247DB43251F3AAC00DC6F4D /* Misc.swift */; };
		2247DB4F251F3E8000DC6F4D /* WidgetKit.framework in Frameworks */ = {isa = PBXBuildFile; fileRef = 2247DB4E251F3E8000DC6F4D /* WidgetKit.framework */; };
		2247DB51251F3E8000DC6F4D /* SwiftUI.framework in Frameworks */ = {isa = PBXBuildFile; fileRef = 2247DB50251F3E8000DC6F4D /* SwiftUI.framework */; };
		2247DB54251F3E8000DC6F4D /* MyerSplashWidget.swift in Sources */ = {isa = PBXBuildFile; fileRef = 2247DB53251F3E8000DC6F4D /* MyerSplashWidget.swift */; };
		2247DB56251F3E8200DC6F4D /* Assets.xcassets in Resources */ = {isa = PBXBuildFile; fileRef = 2247DB55251F3E8200DC6F4D /* Assets.xcassets */; };
		2247DB5A251F3E8200DC6F4D /* MyerSplashWidgetExtension.appex in Embed App Extensions */ = {isa = PBXBuildFile; fileRef = 2247DB4D251F3E8000DC6F4D /* MyerSplashWidgetExtension.appex */; settings = {ATTRIBUTES = (RemoveHeadersOnCopy, ); }; };
		2247DB67251F3FB400DC6F4D /* Error.swift in Sources */ = {isa = PBXBuildFile; fileRef = 2247DB66251F3FB400DC6F4D /* Error.swift */; };
		2247DB9B251F40BD00DC6F4D /* MyerSplashShared.framework in Frameworks */ = {isa = PBXBuildFile; fileRef = 22D39FEF251F00DA00F69A36 /* MyerSplashShared.framework */; };
		2252128F2544A2DD002553A0 /* NetworkQuality.swift in Sources */ = {isa = PBXBuildFile; fileRef = 2252128E2544A2DD002553A0 /* NetworkQuality.swift */; };
		22639D95266D264000B76C02 /* MacPlugin.bundle in Embed App Extensions */ = {isa = PBXBuildFile; fileRef = 22639D8F266D261B00B76C02 /* MacPlugin.bundle */; platformFilter = maccatalyst; settings = {ATTRIBUTES = (CodeSignOnCopy, RemoveHeadersOnCopy, ); }; };
		22639D9A266D265300B76C02 /* Plugin.swift in Sources */ = {isa = PBXBuildFile; fileRef = 22639D99266D265300B76C02 /* Plugin.swift */; };
		22639D9C266D266700B76C02 /* MacPlugin.swift in Sources */ = {isa = PBXBuildFile; fileRef = 22639D9B266D266700B76C02 /* MacPlugin.swift */; };
		22639DA0266D286800B76C02 /* Plugin.swift in Sources */ = {isa = PBXBuildFile; fileRef = 22639D99266D265300B76C02 /* Plugin.swift */; };
		22639DA2266D2B1700B76C02 /* MacBundlePlugin.swift in Sources */ = {isa = PBXBuildFile; fileRef = 22639DA1266D2B1700B76C02 /* MacBundlePlugin.swift */; };
		2268721E23C369AB00F921F4 /* MoreViewController.swift in Sources */ = {isa = PBXBuildFile; fileRef = 2268721D23C369AB00F921F4 /* MoreViewController.swift */; };
		2268722023C369E600F921F4 /* DownloadsViewController.swift in Sources */ = {isa = PBXBuildFile; fileRef = 2268721F23C369E600F921F4 /* DownloadsViewController.swift */; };
		2268722223C36A1100F921F4 /* AboutViewController.swift in Sources */ = {isa = PBXBuildFile; fileRef = 2268722123C36A1100F921F4 /* AboutViewController.swift */; };
		2268722423C36AAB00F921F4 /* TMBarButtonBar.swift in Sources */ = {isa = PBXBuildFile; fileRef = 2268722323C36AAB00F921F4 /* TMBarButtonBar.swift */; };
		2268722623C4CFD300F921F4 /* SearchViewController.swift in Sources */ = {isa = PBXBuildFile; fileRef = 2268722523C4CFD300F921F4 /* SearchViewController.swift */; };
		2268722823C4DF8B00F921F4 /* SearchHintView.swift in Sources */ = {isa = PBXBuildFile; fileRef = 2268722723C4DF8B00F921F4 /* SearchHintView.swift */; };
		2268722F23C632B100F921F4 /* DownloadItemCell.swift in Sources */ = {isa = PBXBuildFile; fileRef = 2268722E23C632B100F921F4 /* DownloadItemCell.swift */; };
		2268723123C64A1F00F921F4 /* ImageEditorViewController.swift in Sources */ = {isa = PBXBuildFile; fileRef = 2268723023C64A1F00F921F4 /* ImageEditorViewController.swift */; };
		227D5D2123C2346400B2CC4A /* LaunchScreen2.storyboard in Resources */ = {isa = PBXBuildFile; fileRef = 227D5D2023C2346400B2CC4A /* LaunchScreen2.storyboard */; };
		22A0D29B251F9F920043B141 /* Localizable.strings in Resources */ = {isa = PBXBuildFile; fileRef = 2219372C23C999BD00A58BE5 /* Localizable.strings */; };
		22A0D29D251F9F920043B141 /* Localizable.strings in Resources */ = {isa = PBXBuildFile; fileRef = 2219372C23C999BD00A58BE5 /* Localizable.strings */; };
		22B284BA2553DBC50042DD9B /* TabsListView.swift in Sources */ = {isa = PBXBuildFile; fileRef = 22B284B92553DBC50042DD9B /* TabsListView.swift */; };
		22D39FF3251F00DA00F69A36 /* MyerSplashShared.h in Headers */ = {isa = PBXBuildFile; fileRef = 22D39FF1251F00DA00F69A36 /* MyerSplashShared.h */; settings = {ATTRIBUTES = (Public, ); }; };
		22D39FF6251F00DA00F69A36 /* MyerSplashShared.framework in Frameworks */ = {isa = PBXBuildFile; fileRef = 22D39FEF251F00DA00F69A36 /* MyerSplashShared.framework */; };
		22D39FF7251F00DA00F69A36 /* MyerSplashShared.framework in Embed Frameworks */ = {isa = PBXBuildFile; fileRef = 22D39FEF251F00DA00F69A36 /* MyerSplashShared.framework */; settings = {ATTRIBUTES = (CodeSignOnCopy, RemoveHeadersOnCopy, ); }; };
		22E496B723C8CA0A00B836F0 /* DownloadButton.swift in Sources */ = {isa = PBXBuildFile; fileRef = 22E496B623C8CA0A00B836F0 /* DownloadButton.swift */; };
		22ED11C125448AEE00847193 /* FilterButton.swift in Sources */ = {isa = PBXBuildFile; fileRef = 22ED11C025448AEE00847193 /* FilterButton.swift */; };
		54A56051D8CDE89833CFA912 /* RadioButtonGroup.swift in Sources */ = {isa = PBXBuildFile; fileRef = 54A5627DD12058A08C88A28B /* RadioButtonGroup.swift */; };
		54A56163F93551D241697C6F /* BaseViewController.swift in Sources */ = {isa = PBXBuildFile; fileRef = 54A56D82CB9E1C0EF954ECE2 /* BaseViewController.swift */; };
		54A5633E122F31E30C40824D /* SettingsSwitchItem.swift in Sources */ = {isa = PBXBuildFile; fileRef = 54A563330188B6094B9D072F /* SettingsSwitchItem.swift */; };
		54A56436968DEEDE565A1488 /* ErrorHintView.swift in Sources */ = {isa = PBXBuildFile; fileRef = 54A568C6D6C5849AEBC6D6C0 /* ErrorHintView.swift */; };
		54A5646DE8E2778738D9664F /* ImageDetailView.swift in Sources */ = {isa = PBXBuildFile; fileRef = 54A560D859A7C4BEFD55ADD4 /* ImageDetailView.swift */; };
		54A56482196A6EC512092AEF /* MainViewController.swift in Sources */ = {isa = PBXBuildFile; fileRef = 54A56CE7F08B021F8D7FA69F /* MainViewController.swift */; };
		54A56709576E7FF86A3B5D92 /* SettingsItem.swift in Sources */ = {isa = PBXBuildFile; fileRef = 54A56D5065F7E6CC380396F3 /* SettingsItem.swift */; };
		54A5673F06B3997A1D9F10B5 /* SettingsGroup.swift in Sources */ = {isa = PBXBuildFile; fileRef = 54A56933262294E2EBAE4EBF /* SettingsGroup.swift */; };
		54A567D034514DDE364499FF /* SettingsViewController.swift in Sources */ = {isa = PBXBuildFile; fileRef = 54A56CD524A21D6CDFFE81CE /* SettingsViewController.swift */; };
		54A56D3CB8BEF537A73CE386 /* MainImageTableCell.swift in Sources */ = {isa = PBXBuildFile; fileRef = 54A5607B141B4AF5F592908D /* MainImageTableCell.swift */; };
		54A56E07DAF6EB75DC63E7E8 /* DialogViewController.swift in Sources */ = {isa = PBXBuildFile; fileRef = 54A560BD8B67160A59D237A6 /* DialogViewController.swift */; };
		71DD32711D47C488B94A44C2 /* Pods_MyerSplash.framework in Frameworks */ = {isa = PBXBuildFile; fileRef = 5FF9175F0CC748D0AC10924C /* Pods_MyerSplash.framework */; };
		815C57B45972B9E2B362B15D /* Pods_MyerSplashShared.framework in Frameworks */ = {isa = PBXBuildFile; fileRef = B8A7955803E00B757AF256F2 /* Pods_MyerSplashShared.framework */; };
		C14CF0E30FDB6B55B26196A6 /* Pods_MyerSplashWidgetExtension.framework in Frameworks */ = {isa = PBXBuildFile; fileRef = 18FC5B6D40C5466AB235C4F4 /* Pods_MyerSplashWidgetExtension.framework */; settings = {ATTRIBUTES = (Required, ); }; };
		E47DED5B215DF0BD18169D29 /* (null) in Frameworks */ = {isa = PBXBuildFile; };
		F02A4BBC1FF8E37A0027B721 /* Assets.xcassets in Resources */ = {isa = PBXBuildFile; fileRef = F02A4BBB1FF8E37A0027B721 /* Assets.xcassets */; };
		F0B633E0200C7E1400D05D74 /* Key.plist in Resources */ = {isa = PBXBuildFile; fileRef = F0B633DF200C7E1400D05D74 /* Key.plist */; };
		F0D247BD1FF7C35000BB8076 /* AppDelegate.swift in Sources */ = {isa = PBXBuildFile; fileRef = F0D247BC1FF7C35000BB8076 /* AppDelegate.swift */; };
		F0D247C71FF7C35000BB8076 /* LaunchScreen.storyboard in Resources */ = {isa = PBXBuildFile; fileRef = F0D247C51FF7C35000BB8076 /* LaunchScreen.storyboard */; };
/* End PBXBuildFile section */

/* Begin PBXContainerItemProxy section */
		2247DB58251F3E8200DC6F4D /* PBXContainerItemProxy */ = {
			isa = PBXContainerItemProxy;
			containerPortal = F0D247B11FF7C35000BB8076 /* Project object */;
			proxyType = 1;
			remoteGlobalIDString = 2247DB4C251F3E8000DC6F4D;
			remoteInfo = MyerSplashWidgetExtension;
		};
		2247DB9D251F40BD00DC6F4D /* PBXContainerItemProxy */ = {
			isa = PBXContainerItemProxy;
			containerPortal = F0D247B11FF7C35000BB8076 /* Project object */;
			proxyType = 1;
			remoteGlobalIDString = 22D39FEE251F00DA00F69A36;
			remoteInfo = MyerSplashShared;
		};
		22639D96266D264000B76C02 /* PBXContainerItemProxy */ = {
			isa = PBXContainerItemProxy;
			containerPortal = F0D247B11FF7C35000BB8076 /* Project object */;
			proxyType = 1;
			remoteGlobalIDString = 22639D8E266D261B00B76C02;
			remoteInfo = MacPlugin;
		};
		22D39FF4251F00DA00F69A36 /* PBXContainerItemProxy */ = {
			isa = PBXContainerItemProxy;
			containerPortal = F0D247B11FF7C35000BB8076 /* Project object */;
			proxyType = 1;
			remoteGlobalIDString = 22D39FEE251F00DA00F69A36;
			remoteInfo = MyerSplashShared;
		};
/* End PBXContainerItemProxy section */

/* Begin PBXCopyFilesBuildPhase section */
		2247DB5C251F3E8200DC6F4D /* Embed App Extensions */ = {
			isa = PBXCopyFilesBuildPhase;
			buildActionMask = 2147483647;
			dstPath = "";
			dstSubfolderSpec = 13;
			files = (
				22639D95266D264000B76C02 /* MacPlugin.bundle in Embed App Extensions */,
				2247DB5A251F3E8200DC6F4D /* MyerSplashWidgetExtension.appex in Embed App Extensions */,
			);
			name = "Embed App Extensions";
			runOnlyForDeploymentPostprocessing = 0;
		};
		22D39FF8251F00DA00F69A36 /* Embed Frameworks */ = {
			isa = PBXCopyFilesBuildPhase;
			buildActionMask = 2147483647;
			dstPath = "";
			dstSubfolderSpec = 10;
			files = (
				22D39FF7251F00DA00F69A36 /* MyerSplashShared.framework in Embed Frameworks */,
			);
			name = "Embed Frameworks";
			runOnlyForDeploymentPostprocessing = 0;
		};
/* End PBXCopyFilesBuildPhase section */

/* Begin PBXFileReference section */
		03A656DD8EA3371BBA7BB59E /* Pods-MyerSplashWidgetExtension.debug.xcconfig */ = {isa = PBXFileReference; includeInIndex = 1; lastKnownFileType = text.xcconfig; name = "Pods-MyerSplashWidgetExtension.debug.xcconfig"; path = "Pods/Target Support Files/Pods-MyerSplashWidgetExtension/Pods-MyerSplashWidgetExtension.debug.xcconfig"; sourceTree = "<group>"; };
		0489B479236DF5F4005965D8 /* UIs.swift */ = {isa = PBXFileReference; lastKnownFileType = sourcecode.swift; path = UIs.swift; sourceTree = "<group>"; };
		04DD9D41236F0A43009F5187 /* MessageUI.framework */ = {isa = PBXFileReference; lastKnownFileType = wrapper.framework; name = MessageUI.framework; path = System/Library/Frameworks/MessageUI.framework; sourceTree = SDKROOT; };
		04DD9D46236F0B2B009F5187 /* Social.framework */ = {isa = PBXFileReference; lastKnownFileType = wrapper.framework; name = Social.framework; path = System/Library/Frameworks/Social.framework; sourceTree = SDKROOT; };
		04E5608A237139E00085C950 /* AppKeys.swift */ = {isa = PBXFileReference; lastKnownFileType = sourcecode.swift; path = AppKeys.swift; sourceTree = "<group>"; };
		04E5608C23713DAA0085C950 /* Events.swift */ = {isa = PBXFileReference; lastKnownFileType = sourcecode.swift; path = Events.swift; sourceTree = "<group>"; };
		0AC28CD0CF437C5DD4F0B809 /* Pods-MyerSplashShared.release.xcconfig */ = {isa = PBXFileReference; includeInIndex = 1; lastKnownFileType = text.xcconfig; name = "Pods-MyerSplashShared.release.xcconfig"; path = "Pods/Target Support Files/Pods-MyerSplashShared/Pods-MyerSplashShared.release.xcconfig"; sourceTree = "<group>"; };
		18FC5B6D40C5466AB235C4F4 /* Pods_MyerSplashWidgetExtension.framework */ = {isa = PBXFileReference; explicitFileType = wrapper.framework; includeInIndex = 0; path = Pods_MyerSplashWidgetExtension.framework; sourceTree = BUILT_PRODUCTS_DIR; };
		1A54F03AD19D14182EA816F0 /* ImageIO.swift */ = {isa = PBXFileReference; fileEncoding = 4; lastKnownFileType = sourcecode.swift; path = ImageIO.swift; sourceTree = "<group>"; };
		1A54F6D86983A7220256314E /* DayNightImageView.swift */ = {isa = PBXFileReference; fileEncoding = 4; lastKnownFileType = sourcecode.swift; path = DayNightImageView.swift; sourceTree = "<group>"; };
		1A54F9E0833C69F3D6955493 /* DownloadItem.swift */ = {isa = PBXFileReference; fileEncoding = 4; lastKnownFileType = sourcecode.swift; path = DownloadItem.swift; sourceTree = "<group>"; };
		2219372B23C999BD00A58BE5 /* en */ = {isa = PBXFileReference; lastKnownFileType = text.plist.strings; name = en; path = en.lproj/Localizable.strings; sourceTree = "<group>"; };
		2219372E23C99AF000A58BE5 /* en */ = {isa = PBXFileReference; lastKnownFileType = file.storyboard; name = en; path = en.lproj/LaunchScreen.storyboard; sourceTree = "<group>"; };
		2219372F23C99C1B00A58BE5 /* zh-Hans */ = {isa = PBXFileReference; lastKnownFileType = text.plist.strings; name = "zh-Hans"; path = "zh-Hans.lproj/Localizable.strings"; sourceTree = "<group>"; };
		221D26A523D21502003BE444 /* SettingsView.swift */ = {isa = PBXFileReference; fileEncoding = 4; lastKnownFileType = sourcecode.swift; name = SettingsView.swift; path = MyerSplash/SettingsView.swift; sourceTree = SOURCE_ROOT; };
		221D26A823D216F2003BE444 /* AppCenterAnalytics.framework */ = {isa = PBXFileReference; lastKnownFileType = wrapper.framework; path = AppCenterAnalytics.framework; sourceTree = "<group>"; };
		221D26A923D216F3003BE444 /* AppCenterCrashes.framework */ = {isa = PBXFileReference; lastKnownFileType = wrapper.framework; path = AppCenterCrashes.framework; sourceTree = "<group>"; };
		221D26AA23D216F3003BE444 /* AppCenter.framework */ = {isa = PBXFileReference; lastKnownFileType = wrapper.framework; path = AppCenter.framework; sourceTree = "<group>"; };
		222D46AF23C1081B003C754B /* ImagesViewController.swift */ = {isa = PBXFileReference; lastKnownFileType = sourcecode.swift; path = ImagesViewController.swift; sourceTree = "<group>"; };
		222D46B223C10CAA003C754B /* ImageRepo.swift */ = {isa = PBXFileReference; lastKnownFileType = sourcecode.swift; path = ImageRepo.swift; sourceTree = "<group>"; };
		223D1EE424A3AF86000D04FC /* SearchView.swift */ = {isa = PBXFileReference; lastKnownFileType = sourcecode.swift; path = SearchView.swift; sourceTree = "<group>"; };
		2247DB43251F3AAC00DC6F4D /* Misc.swift */ = {isa = PBXFileReference; lastKnownFileType = sourcecode.swift; path = Misc.swift; sourceTree = "<group>"; };
		2247DB4D251F3E8000DC6F4D /* MyerSplashWidgetExtension.appex */ = {isa = PBXFileReference; explicitFileType = "wrapper.app-extension"; includeInIndex = 0; path = MyerSplashWidgetExtension.appex; sourceTree = BUILT_PRODUCTS_DIR; };
		2247DB4E251F3E8000DC6F4D /* WidgetKit.framework */ = {isa = PBXFileReference; lastKnownFileType = wrapper.framework; name = WidgetKit.framework; path = System/Library/Frameworks/WidgetKit.framework; sourceTree = SDKROOT; };
		2247DB50251F3E8000DC6F4D /* SwiftUI.framework */ = {isa = PBXFileReference; lastKnownFileType = wrapper.framework; name = SwiftUI.framework; path = System/Library/Frameworks/SwiftUI.framework; sourceTree = SDKROOT; };
		2247DB53251F3E8000DC6F4D /* MyerSplashWidget.swift */ = {isa = PBXFileReference; lastKnownFileType = sourcecode.swift; path = MyerSplashWidget.swift; sourceTree = "<group>"; };
		2247DB55251F3E8200DC6F4D /* Assets.xcassets */ = {isa = PBXFileReference; lastKnownFileType = folder.assetcatalog; path = Assets.xcassets; sourceTree = "<group>"; };
		2247DB57251F3E8200DC6F4D /* Info.plist */ = {isa = PBXFileReference; lastKnownFileType = text.plist.xml; path = Info.plist; sourceTree = "<group>"; };
		2247DB5B251F3E8200DC6F4D /* MyerSplashWidgetExtension.entitlements */ = {isa = PBXFileReference; lastKnownFileType = text.plist.entitlements; path = MyerSplashWidgetExtension.entitlements; sourceTree = "<group>"; };
		2247DB66251F3FB400DC6F4D /* Error.swift */ = {isa = PBXFileReference; lastKnownFileType = sourcecode.swift; path = Error.swift; sourceTree = "<group>"; };
		2252128E2544A2DD002553A0 /* NetworkQuality.swift */ = {isa = PBXFileReference; lastKnownFileType = sourcecode.swift; path = NetworkQuality.swift; sourceTree = "<group>"; };
		22639D8F266D261B00B76C02 /* MacPlugin.bundle */ = {isa = PBXFileReference; explicitFileType = wrapper.cfbundle; includeInIndex = 0; path = MacPlugin.bundle; sourceTree = BUILT_PRODUCTS_DIR; };
		22639D91266D261B00B76C02 /* Info.plist */ = {isa = PBXFileReference; lastKnownFileType = text.plist.xml; path = Info.plist; sourceTree = "<group>"; };
		22639D98266D265200B76C02 /* MacPlugin-Bridging-Header.h */ = {isa = PBXFileReference; lastKnownFileType = sourcecode.c.h; path = "MacPlugin-Bridging-Header.h"; sourceTree = "<group>"; };
		22639D99266D265300B76C02 /* Plugin.swift */ = {isa = PBXFileReference; lastKnownFileType = sourcecode.swift; path = Plugin.swift; sourceTree = "<group>"; };
		22639D9B266D266700B76C02 /* MacPlugin.swift */ = {isa = PBXFileReference; lastKnownFileType = sourcecode.swift; path = MacPlugin.swift; sourceTree = "<group>"; };
		22639DA1266D2B1700B76C02 /* MacBundlePlugin.swift */ = {isa = PBXFileReference; lastKnownFileType = sourcecode.swift; path = MacBundlePlugin.swift; sourceTree = "<group>"; };
		2268721D23C369AB00F921F4 /* MoreViewController.swift */ = {isa = PBXFileReference; lastKnownFileType = sourcecode.swift; path = MoreViewController.swift; sourceTree = "<group>"; };
		2268721F23C369E600F921F4 /* DownloadsViewController.swift */ = {isa = PBXFileReference; lastKnownFileType = sourcecode.swift; path = DownloadsViewController.swift; sourceTree = "<group>"; };
		2268722123C36A1100F921F4 /* AboutViewController.swift */ = {isa = PBXFileReference; lastKnownFileType = sourcecode.swift; path = AboutViewController.swift; sourceTree = "<group>"; };
		2268722323C36AAB00F921F4 /* TMBarButtonBar.swift */ = {isa = PBXFileReference; lastKnownFileType = sourcecode.swift; path = TMBarButtonBar.swift; sourceTree = "<group>"; };
		2268722523C4CFD300F921F4 /* SearchViewController.swift */ = {isa = PBXFileReference; lastKnownFileType = sourcecode.swift; path = SearchViewController.swift; sourceTree = "<group>"; };
		2268722723C4DF8B00F921F4 /* SearchHintView.swift */ = {isa = PBXFileReference; lastKnownFileType = sourcecode.swift; path = SearchHintView.swift; sourceTree = "<group>"; };
		2268722A23C4F69800F921F4 /* DownloadManager.swift */ = {isa = PBXFileReference; lastKnownFileType = sourcecode.swift; path = DownloadManager.swift; sourceTree = "<group>"; };
		2268722C23C61F2D00F921F4 /* AppDb.swift */ = {isa = PBXFileReference; lastKnownFileType = sourcecode.swift; path = AppDb.swift; sourceTree = "<group>"; };
		2268722E23C632B100F921F4 /* DownloadItemCell.swift */ = {isa = PBXFileReference; lastKnownFileType = sourcecode.swift; path = DownloadItemCell.swift; sourceTree = "<group>"; };
		2268723023C64A1F00F921F4 /* ImageEditorViewController.swift */ = {isa = PBXFileReference; lastKnownFileType = sourcecode.swift; path = ImageEditorViewController.swift; sourceTree = "<group>"; };
		227D5D2023C2346400B2CC4A /* LaunchScreen2.storyboard */ = {isa = PBXFileReference; lastKnownFileType = file.storyboard; path = LaunchScreen2.storyboard; sourceTree = "<group>"; };
		227D5D2223C239BA00B2CC4A /* MyerSplash.entitlements */ = {isa = PBXFileReference; lastKnownFileType = text.plist.entitlements; path = MyerSplash.entitlements; sourceTree = "<group>"; };
		227D5D2323C23DEA00B2CC4A /* Reachability.swift */ = {isa = PBXFileReference; lastKnownFileType = sourcecode.swift; path = Reachability.swift; sourceTree = "<group>"; };
		228F8E2C23E1AD23002BA1E5 /* AppNotification.swift */ = {isa = PBXFileReference; lastKnownFileType = sourcecode.swift; path = AppNotification.swift; sourceTree = "<group>"; };
		22A3E01E249F2FB0008159F0 /* UIViewExtensions.swift */ = {isa = PBXFileReference; lastKnownFileType = sourcecode.swift; path = UIViewExtensions.swift; sourceTree = "<group>"; };
		22B284B92553DBC50042DD9B /* TabsListView.swift */ = {isa = PBXFileReference; lastKnownFileType = sourcecode.swift; path = TabsListView.swift; sourceTree = "<group>"; };
		22D39FEF251F00DA00F69A36 /* MyerSplashShared.framework */ = {isa = PBXFileReference; explicitFileType = wrapper.framework; includeInIndex = 0; path = MyerSplashShared.framework; sourceTree = BUILT_PRODUCTS_DIR; };
		22D39FF1251F00DA00F69A36 /* MyerSplashShared.h */ = {isa = PBXFileReference; lastKnownFileType = sourcecode.c.h; path = MyerSplashShared.h; sourceTree = "<group>"; };
		22D39FF2251F00DA00F69A36 /* Info.plist */ = {isa = PBXFileReference; lastKnownFileType = text.plist.xml; path = Info.plist; sourceTree = "<group>"; };
		22DC52B423E2D5A700CFD177 /* UICollectionViewCellExtensions.swift */ = {isa = PBXFileReference; lastKnownFileType = sourcecode.swift; path = UICollectionViewCellExtensions.swift; sourceTree = "<group>"; };
		22E496B223C8B5A500B836F0 /* Log.swift */ = {isa = PBXFileReference; lastKnownFileType = sourcecode.swift; path = Log.swift; sourceTree = "<group>"; };
		22E496B623C8CA0A00B836F0 /* DownloadButton.swift */ = {isa = PBXFileReference; lastKnownFileType = sourcecode.swift; path = DownloadButton.swift; sourceTree = "<group>"; };
		22E496B823C9952200B836F0 /* R.swift */ = {isa = PBXFileReference; lastKnownFileType = sourcecode.swift; path = R.swift; sourceTree = "<group>"; };
		22ED11C025448AEE00847193 /* FilterButton.swift */ = {isa = PBXFileReference; lastKnownFileType = sourcecode.swift; path = FilterButton.swift; sourceTree = "<group>"; };
		4A2B06F4E1389C35FBC44B8C /* Pods-MyerSplash.debug.xcconfig */ = {isa = PBXFileReference; includeInIndex = 1; lastKnownFileType = text.xcconfig; name = "Pods-MyerSplash.debug.xcconfig"; path = "Pods/Target Support Files/Pods-MyerSplash/Pods-MyerSplash.debug.xcconfig"; sourceTree = "<group>"; };
		50AB4F0F0D7379FD5BECD603 /* Pods-MyerSplashShared.debug.xcconfig */ = {isa = PBXFileReference; includeInIndex = 1; lastKnownFileType = text.xcconfig; name = "Pods-MyerSplashShared.debug.xcconfig"; path = "Pods/Target Support Files/Pods-MyerSplashShared/Pods-MyerSplashShared.debug.xcconfig"; sourceTree = "<group>"; };
		54A5607B141B4AF5F592908D /* MainImageTableCell.swift */ = {isa = PBXFileReference; fileEncoding = 4; lastKnownFileType = sourcecode.swift; path = MainImageTableCell.swift; sourceTree = "<group>"; };
		54A560BD8B67160A59D237A6 /* DialogViewController.swift */ = {isa = PBXFileReference; fileEncoding = 4; lastKnownFileType = sourcecode.swift; path = DialogViewController.swift; sourceTree = "<group>"; };
		54A560D859A7C4BEFD55ADD4 /* ImageDetailView.swift */ = {isa = PBXFileReference; fileEncoding = 4; lastKnownFileType = sourcecode.swift; path = ImageDetailView.swift; sourceTree = "<group>"; };
		54A5610ACB2BC8B7B3465EE3 /* Values.swift */ = {isa = PBXFileReference; fileEncoding = 4; lastKnownFileType = sourcecode.swift; path = Values.swift; sourceTree = "<group>"; };
		54A5627DD12058A08C88A28B /* RadioButtonGroup.swift */ = {isa = PBXFileReference; fileEncoding = 4; lastKnownFileType = sourcecode.swift; path = RadioButtonGroup.swift; sourceTree = "<group>"; };
		54A563330188B6094B9D072F /* SettingsSwitchItem.swift */ = {isa = PBXFileReference; fileEncoding = 4; lastKnownFileType = sourcecode.swift; path = SettingsSwitchItem.swift; sourceTree = "<group>"; };
		54A563C64A027840336DE12B /* Keys.swift */ = {isa = PBXFileReference; fileEncoding = 4; lastKnownFileType = sourcecode.swift; path = Keys.swift; sourceTree = "<group>"; };
		54A56435B1C59D948C33519E /* MiscExtension.swift */ = {isa = PBXFileReference; fileEncoding = 4; lastKnownFileType = sourcecode.swift; path = MiscExtension.swift; sourceTree = "<group>"; };
		54A566581177A56512E3DE30 /* UnsplashImage.swift */ = {isa = PBXFileReference; fileEncoding = 4; lastKnownFileType = sourcecode.swift; path = UnsplashImage.swift; sourceTree = "<group>"; };
		54A567873B60B294584A7F5A /* UIFontExtension.swift */ = {isa = PBXFileReference; fileEncoding = 4; lastKnownFileType = sourcecode.swift; path = UIFontExtension.swift; sourceTree = "<group>"; };
		54A567940B6AD767A48580B6 /* FontSizes.swift */ = {isa = PBXFileReference; fileEncoding = 4; lastKnownFileType = sourcecode.swift; path = FontSizes.swift; sourceTree = "<group>"; };
		54A568C6D6C5849AEBC6D6C0 /* ErrorHintView.swift */ = {isa = PBXFileReference; fileEncoding = 4; lastKnownFileType = sourcecode.swift; path = ErrorHintView.swift; sourceTree = "<group>"; };
		54A568D0616F40376A967B11 /* UserDefaultsExtension.swift */ = {isa = PBXFileReference; fileEncoding = 4; lastKnownFileType = sourcecode.swift; path = UserDefaultsExtension.swift; sourceTree = "<group>"; };
		54A56933262294E2EBAE4EBF /* SettingsGroup.swift */ = {isa = PBXFileReference; fileEncoding = 4; lastKnownFileType = sourcecode.swift; path = SettingsGroup.swift; sourceTree = "<group>"; };
		54A56ABD120FB1828A5DCFC3 /* UnsplashUser.swift */ = {isa = PBXFileReference; fileEncoding = 4; lastKnownFileType = sourcecode.swift; path = UnsplashUser.swift; sourceTree = "<group>"; };
		54A56ADEB602096935F951BA /* Colors.swift */ = {isa = PBXFileReference; fileEncoding = 4; lastKnownFileType = sourcecode.swift; path = Colors.swift; sourceTree = "<group>"; };
		54A56B10293331F08D52173B /* ToastView.swift */ = {isa = PBXFileReference; fileEncoding = 4; lastKnownFileType = sourcecode.swift; path = ToastView.swift; sourceTree = "<group>"; };
		54A56C275843D1B6C0016A44 /* Dimensions.swift */ = {isa = PBXFileReference; fileEncoding = 4; lastKnownFileType = sourcecode.swift; path = Dimensions.swift; sourceTree = "<group>"; };
		54A56C6078DD80C3B26DA3F0 /* ColorExtension.swift */ = {isa = PBXFileReference; fileEncoding = 4; lastKnownFileType = sourcecode.swift; path = ColorExtension.swift; sourceTree = "<group>"; };
		54A56CD524A21D6CDFFE81CE /* SettingsViewController.swift */ = {isa = PBXFileReference; fileEncoding = 4; lastKnownFileType = sourcecode.swift; path = SettingsViewController.swift; sourceTree = "<group>"; };
		54A56CE7F08B021F8D7FA69F /* MainViewController.swift */ = {isa = PBXFileReference; fileEncoding = 4; lastKnownFileType = sourcecode.swift; path = MainViewController.swift; sourceTree = "<group>"; };
		54A56D0B25C0DD1328A6C717 /* AppSettings.swift */ = {isa = PBXFileReference; fileEncoding = 4; lastKnownFileType = sourcecode.swift; path = AppSettings.swift; sourceTree = "<group>"; };
		54A56D5065F7E6CC380396F3 /* SettingsItem.swift */ = {isa = PBXFileReference; fileEncoding = 4; lastKnownFileType = sourcecode.swift; path = SettingsItem.swift; sourceTree = "<group>"; };
		54A56D82CB9E1C0EF954ECE2 /* BaseViewController.swift */ = {isa = PBXFileReference; fileEncoding = 4; lastKnownFileType = sourcecode.swift; path = BaseViewController.swift; sourceTree = "<group>"; };
		54A56F847E06CBA141699C1F /* StringExtension.swift */ = {isa = PBXFileReference; fileEncoding = 4; lastKnownFileType = sourcecode.swift; path = StringExtension.swift; sourceTree = "<group>"; };
		54A56F8B96F974BAFC1A7D2E /* Request.swift */ = {isa = PBXFileReference; fileEncoding = 4; lastKnownFileType = sourcecode.swift; path = Request.swift; sourceTree = "<group>"; };
		5FF9175F0CC748D0AC10924C /* Pods_MyerSplash.framework */ = {isa = PBXFileReference; explicitFileType = wrapper.framework; includeInIndex = 0; path = Pods_MyerSplash.framework; sourceTree = BUILT_PRODUCTS_DIR; };
		8C5A8F87AE0DE305C3487239 /* Pods-MyerSplash.release.xcconfig */ = {isa = PBXFileReference; includeInIndex = 1; lastKnownFileType = text.xcconfig; name = "Pods-MyerSplash.release.xcconfig"; path = "Pods/Target Support Files/Pods-MyerSplash/Pods-MyerSplash.release.xcconfig"; sourceTree = "<group>"; };
		A02FA5BB50846102410E0BC4 /* UIViewControllerExtensions.swift */ = {isa = PBXFileReference; fileEncoding = 4; lastKnownFileType = sourcecode.swift; path = UIViewControllerExtensions.swift; sourceTree = "<group>"; };
		B8A7955803E00B757AF256F2 /* Pods_MyerSplashShared.framework */ = {isa = PBXFileReference; explicitFileType = wrapper.framework; includeInIndex = 0; path = Pods_MyerSplashShared.framework; sourceTree = BUILT_PRODUCTS_DIR; };
		DFA36C32ED7B3149718E21A1 /* Pods-MyerSplashWidgetExtension.release.xcconfig */ = {isa = PBXFileReference; includeInIndex = 1; lastKnownFileType = text.xcconfig; name = "Pods-MyerSplashWidgetExtension.release.xcconfig"; path = "Pods/Target Support Files/Pods-MyerSplashWidgetExtension/Pods-MyerSplashWidgetExtension.release.xcconfig"; sourceTree = "<group>"; };
		F02A4BBB1FF8E37A0027B721 /* Assets.xcassets */ = {isa = PBXFileReference; lastKnownFileType = folder.assetcatalog; path = Assets.xcassets; sourceTree = "<group>"; };
		F0B633DF200C7E1400D05D74 /* Key.plist */ = {isa = PBXFileReference; lastKnownFileType = text.plist.xml; path = Key.plist; sourceTree = "<group>"; };
		F0D247B91FF7C35000BB8076 /* MyerSplash.app */ = {isa = PBXFileReference; explicitFileType = wrapper.application; includeInIndex = 0; path = MyerSplash.app; sourceTree = BUILT_PRODUCTS_DIR; };
		F0D247BC1FF7C35000BB8076 /* AppDelegate.swift */ = {isa = PBXFileReference; lastKnownFileType = sourcecode.swift; path = AppDelegate.swift; sourceTree = "<group>"; };
		F0D247C81FF7C35000BB8076 /* Info.plist */ = {isa = PBXFileReference; lastKnownFileType = text.plist.xml; path = Info.plist; sourceTree = "<group>"; };
/* End PBXFileReference section */

/* Begin PBXFrameworksBuildPhase section */
		2247DB4A251F3E8000DC6F4D /* Frameworks */ = {
			isa = PBXFrameworksBuildPhase;
			buildActionMask = 2147483647;
			files = (
				2247DB51251F3E8000DC6F4D /* SwiftUI.framework in Frameworks */,
				2247DB9B251F40BD00DC6F4D /* MyerSplashShared.framework in Frameworks */,
				2247DB4F251F3E8000DC6F4D /* WidgetKit.framework in Frameworks */,
				C14CF0E30FDB6B55B26196A6 /* Pods_MyerSplashWidgetExtension.framework in Frameworks */,
			);
			runOnlyForDeploymentPostprocessing = 0;
		};
		22639D8C266D261B00B76C02 /* Frameworks */ = {
			isa = PBXFrameworksBuildPhase;
			buildActionMask = 2147483647;
			files = (
			);
			runOnlyForDeploymentPostprocessing = 0;
		};
		22D39FEC251F00DA00F69A36 /* Frameworks */ = {
			isa = PBXFrameworksBuildPhase;
			buildActionMask = 2147483647;
			files = (
				2247DB37251F3A1D00DC6F4D /* AppCenter.framework in Frameworks */,
				815C57B45972B9E2B362B15D /* Pods_MyerSplashShared.framework in Frameworks */,
				2247DB33251F3A1D00DC6F4D /* AppCenterCrashes.framework in Frameworks */,
				2247DB3A251F3A2200DC6F4D /* AppCenterAnalytics.framework in Frameworks */,
			);
			runOnlyForDeploymentPostprocessing = 0;
		};
		F0D247B61FF7C35000BB8076 /* Frameworks */ = {
			isa = PBXFrameworksBuildPhase;
			buildActionMask = 2147483647;
			files = (
				04DD9D43236F0A58009F5187 /* MessageUI.framework in Frameworks */,
				22D39FF6251F00DA00F69A36 /* MyerSplashShared.framework in Frameworks */,
				221D26AD23D216F3003BE444 /* AppCenter.framework in Frameworks */,
				221D26AC23D216F3003BE444 /* AppCenterCrashes.framework in Frameworks */,
				221D26AB23D216F3003BE444 /* AppCenterAnalytics.framework in Frameworks */,
				71DD32711D47C488B94A44C2 /* Pods_MyerSplash.framework in Frameworks */,
				E47DED5B215DF0BD18169D29 /* (null) in Frameworks */,
			);
			runOnlyForDeploymentPostprocessing = 0;
		};
/* End PBXFrameworksBuildPhase section */

/* Begin PBXGroup section */
		221D26A723D216B0003BE444 /* Vendor */ = {
			isa = PBXGroup;
			children = (
				221D26AA23D216F3003BE444 /* AppCenter.framework */,
				221D26A823D216F2003BE444 /* AppCenterAnalytics.framework */,
				221D26A923D216F3003BE444 /* AppCenterCrashes.framework */,
			);
			path = Vendor;
			sourceTree = "<group>";
		};
		222D46B123C10C9B003C754B /* repo */ = {
			isa = PBXGroup;
			children = (
				222D46B223C10CAA003C754B /* ImageRepo.swift */,
			);
			path = repo;
			sourceTree = "<group>";
		};
		223D1EE624A3C246000D04FC /* swiftui */ = {
			isa = PBXGroup;
			children = (
				223D1EE424A3AF86000D04FC /* SearchView.swift */,
				22B284B92553DBC50042DD9B /* TabsListView.swift */,
			);
			path = swiftui;
			sourceTree = "<group>";
		};
		2247DB24251F38EA00DC6F4D /* widget */ = {
			isa = PBXGroup;
			children = (
				54A56B10293331F08D52173B /* ToastView.swift */,
			);
			path = widget;
			sourceTree = "<group>";
		};
		2247DB42251F3A9F00DC6F4D /* extensions */ = {
			isa = PBXGroup;
			children = (
				2247DB43251F3AAC00DC6F4D /* Misc.swift */,
				22639DA1266D2B1700B76C02 /* MacBundlePlugin.swift */,
			);
			path = extensions;
			sourceTree = "<group>";
		};
		2247DB52251F3E8000DC6F4D /* MyerSplashWidget */ = {
			isa = PBXGroup;
			children = (
				2247DB53251F3E8000DC6F4D /* MyerSplashWidget.swift */,
				2247DB55251F3E8200DC6F4D /* Assets.xcassets */,
				2247DB57251F3E8200DC6F4D /* Info.plist */,
			);
			path = MyerSplashWidget;
			sourceTree = "<group>";
		};
		22639D90266D261B00B76C02 /* MacPlugin */ = {
			isa = PBXGroup;
			children = (
				22639D91266D261B00B76C02 /* Info.plist */,
				22639D99266D265300B76C02 /* Plugin.swift */,
				22639D98266D265200B76C02 /* MacPlugin-Bridging-Header.h */,
				22639D9B266D266700B76C02 /* MacPlugin.swift */,
			);
			path = MacPlugin;
			sourceTree = "<group>";
		};
		2268722923C4F68400F921F4 /* download */ = {
			isa = PBXGroup;
			children = (
				1A54F9E0833C69F3D6955493 /* DownloadItem.swift */,
				2268722A23C4F69800F921F4 /* DownloadManager.swift */,
				2268722C23C61F2D00F921F4 /* AppDb.swift */,
			);
			path = download;
			sourceTree = "<group>";
		};
		22D39FF0251F00DA00F69A36 /* MyerSplashShared */ = {
			isa = PBXGroup;
			children = (
				2247DB24251F38EA00DC6F4D /* widget */,
				2268722923C4F68400F921F4 /* download */,
				54A5610203E1DD4A590B39A2 /* api */,
				54A56E5AE6F22DD0D908D31E /* extension */,
				54A56F8FB5119EC6900E1F23 /* res */,
				22D3A027251F013500F69A36 /* util */,
				54A56C127081B830968B197A /* entity */,
				22D39FF1251F00DA00F69A36 /* MyerSplashShared.h */,
				22D39FF2251F00DA00F69A36 /* Info.plist */,
			);
			path = MyerSplashShared;
			sourceTree = "<group>";
		};
		22D3A027251F013500F69A36 /* util */ = {
			isa = PBXGroup;
			children = (
				0489B479236DF5F4005965D8 /* UIs.swift */,
				54A56D0B25C0DD1328A6C717 /* AppSettings.swift */,
				04E5608A237139E00085C950 /* AppKeys.swift */,
				04E5608C23713DAA0085C950 /* Events.swift */,
				227D5D2323C23DEA00B2CC4A /* Reachability.swift */,
				22E496B223C8B5A500B836F0 /* Log.swift */,
				228F8E2C23E1AD23002BA1E5 /* AppNotification.swift */,
				1A54F03AD19D14182EA816F0 /* ImageIO.swift */,
				2252128E2544A2DD002553A0 /* NetworkQuality.swift */,
			);
			path = util;
			sourceTree = "<group>";
		};
		54A5610203E1DD4A590B39A2 /* api */ = {
			isa = PBXGroup;
			children = (
				54A56F8B96F974BAFC1A7D2E /* Request.swift */,
			);
			path = api;
			sourceTree = "<group>";
		};
		54A5658DBD4340095B8030E9 /* widget */ = {
			isa = PBXGroup;
			children = (
				54A568C6D6C5849AEBC6D6C0 /* ErrorHintView.swift */,
				54A56933262294E2EBAE4EBF /* SettingsGroup.swift */,
				54A563330188B6094B9D072F /* SettingsSwitchItem.swift */,
				54A56D5065F7E6CC380396F3 /* SettingsItem.swift */,
				54A5627DD12058A08C88A28B /* RadioButtonGroup.swift */,
				1A54F6D86983A7220256314E /* DayNightImageView.swift */,
				22E496B623C8CA0A00B836F0 /* DownloadButton.swift */,
				22ED11C025448AEE00847193 /* FilterButton.swift */,
			);
			path = widget;
			sourceTree = "<group>";
		};
		54A56784A667D3A8D353B24A /* view */ = {
			isa = PBXGroup;
			children = (
				221D26A523D21502003BE444 /* SettingsView.swift */,
				54A560D859A7C4BEFD55ADD4 /* ImageDetailView.swift */,
				54A5658DBD4340095B8030E9 /* widget */,
				54A56CB57A8144BFC40E7E39 /* cell */,
				2268722323C36AAB00F921F4 /* TMBarButtonBar.swift */,
				2268722723C4DF8B00F921F4 /* SearchHintView.swift */,
			);
			path = view;
			sourceTree = "<group>";
		};
		54A56C127081B830968B197A /* entity */ = {
			isa = PBXGroup;
			children = (
				54A566581177A56512E3DE30 /* UnsplashImage.swift */,
				54A56ABD120FB1828A5DCFC3 /* UnsplashUser.swift */,
				2247DB66251F3FB400DC6F4D /* Error.swift */,
			);
			path = entity;
			sourceTree = "<group>";
		};
		54A56CB57A8144BFC40E7E39 /* cell */ = {
			isa = PBXGroup;
			children = (
				54A5607B141B4AF5F592908D /* MainImageTableCell.swift */,
				2268722E23C632B100F921F4 /* DownloadItemCell.swift */,
			);
			path = cell;
			sourceTree = "<group>";
		};
		54A56DDFB155912867287711 /* controller */ = {
			isa = PBXGroup;
			children = (
				54A56CE7F08B021F8D7FA69F /* MainViewController.swift */,
				54A56CD524A21D6CDFFE81CE /* SettingsViewController.swift */,
				54A560BD8B67160A59D237A6 /* DialogViewController.swift */,
				54A56D82CB9E1C0EF954ECE2 /* BaseViewController.swift */,
				222D46AF23C1081B003C754B /* ImagesViewController.swift */,
				2268722523C4CFD300F921F4 /* SearchViewController.swift */,
				2268721D23C369AB00F921F4 /* MoreViewController.swift */,
				2268721F23C369E600F921F4 /* DownloadsViewController.swift */,
				2268722123C36A1100F921F4 /* AboutViewController.swift */,
				2268723023C64A1F00F921F4 /* ImageEditorViewController.swift */,
			);
			path = controller;
			sourceTree = "<group>";
		};
		54A56E5AE6F22DD0D908D31E /* extension */ = {
			isa = PBXGroup;
			children = (
				54A567873B60B294584A7F5A /* UIFontExtension.swift */,
				54A56C6078DD80C3B26DA3F0 /* ColorExtension.swift */,
				54A56F847E06CBA141699C1F /* StringExtension.swift */,
				54A568D0616F40376A967B11 /* UserDefaultsExtension.swift */,
				54A56435B1C59D948C33519E /* MiscExtension.swift */,
				A02FA5BB50846102410E0BC4 /* UIViewControllerExtensions.swift */,
				22DC52B423E2D5A700CFD177 /* UICollectionViewCellExtensions.swift */,
				22A3E01E249F2FB0008159F0 /* UIViewExtensions.swift */,
			);
			path = extension;
			sourceTree = "<group>";
		};
		54A56F8FB5119EC6900E1F23 /* res */ = {
			isa = PBXGroup;
			children = (
				54A56ADEB602096935F951BA /* Colors.swift */,
				54A563C64A027840336DE12B /* Keys.swift */,
				54A567940B6AD767A48580B6 /* FontSizes.swift */,
				54A56C275843D1B6C0016A44 /* Dimensions.swift */,
				54A5610ACB2BC8B7B3465EE3 /* Values.swift */,
				22E496B823C9952200B836F0 /* R.swift */,
			);
			name = res;
			path = ../MyerSplash/res;
			sourceTree = "<group>";
		};
		6CE0DF92D868ABA501E01C2A /* Frameworks */ = {
			isa = PBXGroup;
			children = (
				04DD9D46236F0B2B009F5187 /* Social.framework */,
				04DD9D41236F0A43009F5187 /* MessageUI.framework */,
				5FF9175F0CC748D0AC10924C /* Pods_MyerSplash.framework */,
				B8A7955803E00B757AF256F2 /* Pods_MyerSplashShared.framework */,
				2247DB4E251F3E8000DC6F4D /* WidgetKit.framework */,
				2247DB50251F3E8000DC6F4D /* SwiftUI.framework */,
				18FC5B6D40C5466AB235C4F4 /* Pods_MyerSplashWidgetExtension.framework */,
			);
			name = Frameworks;
			sourceTree = "<group>";
		};
		CC5B4A83DCADE02770A06C2E /* Pods */ = {
			isa = PBXGroup;
			children = (
				4A2B06F4E1389C35FBC44B8C /* Pods-MyerSplash.debug.xcconfig */,
				8C5A8F87AE0DE305C3487239 /* Pods-MyerSplash.release.xcconfig */,
				50AB4F0F0D7379FD5BECD603 /* Pods-MyerSplashShared.debug.xcconfig */,
				0AC28CD0CF437C5DD4F0B809 /* Pods-MyerSplashShared.release.xcconfig */,
				03A656DD8EA3371BBA7BB59E /* Pods-MyerSplashWidgetExtension.debug.xcconfig */,
				DFA36C32ED7B3149718E21A1 /* Pods-MyerSplashWidgetExtension.release.xcconfig */,
			);
			name = Pods;
			sourceTree = "<group>";
		};
		F0D247B01FF7C35000BB8076 = {
			isa = PBXGroup;
			children = (
				2247DB5B251F3E8200DC6F4D /* MyerSplashWidgetExtension.entitlements */,
				221D26A723D216B0003BE444 /* Vendor */,
				F0D247BB1FF7C35000BB8076 /* MyerSplash */,
				22D39FF0251F00DA00F69A36 /* MyerSplashShared */,
				2247DB52251F3E8000DC6F4D /* MyerSplashWidget */,
				22639D90266D261B00B76C02 /* MacPlugin */,
				F0D247BA1FF7C35000BB8076 /* Products */,
				CC5B4A83DCADE02770A06C2E /* Pods */,
				6CE0DF92D868ABA501E01C2A /* Frameworks */,
			);
			sourceTree = "<group>";
		};
		F0D247BA1FF7C35000BB8076 /* Products */ = {
			isa = PBXGroup;
			children = (
				F0D247B91FF7C35000BB8076 /* MyerSplash.app */,
				22D39FEF251F00DA00F69A36 /* MyerSplashShared.framework */,
				2247DB4D251F3E8000DC6F4D /* MyerSplashWidgetExtension.appex */,
				22639D8F266D261B00B76C02 /* MacPlugin.bundle */,
			);
			name = Products;
			sourceTree = "<group>";
		};
		F0D247BB1FF7C35000BB8076 /* MyerSplash */ = {
			isa = PBXGroup;
			children = (
				2247DB42251F3A9F00DC6F4D /* extensions */,
				227D5D2223C239BA00B2CC4A /* MyerSplash.entitlements */,
				F02A4BBB1FF8E37A0027B721 /* Assets.xcassets */,
				F0D247BC1FF7C35000BB8076 /* AppDelegate.swift */,
				F0D247C51FF7C35000BB8076 /* LaunchScreen.storyboard */,
				F0D247C81FF7C35000BB8076 /* Info.plist */,
				223D1EE624A3C246000D04FC /* swiftui */,
				54A56DDFB155912867287711 /* controller */,
				222D46B123C10C9B003C754B /* repo */,
				54A56784A667D3A8D353B24A /* view */,
				F0B633DF200C7E1400D05D74 /* Key.plist */,
				227D5D2023C2346400B2CC4A /* LaunchScreen2.storyboard */,
				2219372C23C999BD00A58BE5 /* Localizable.strings */,
			);
			path = MyerSplash;
			sourceTree = "<group>";
		};
/* End PBXGroup section */

/* Begin PBXHeadersBuildPhase section */
		22D39FEA251F00DA00F69A36 /* Headers */ = {
			isa = PBXHeadersBuildPhase;
			buildActionMask = 2147483647;
			files = (
				22D39FF3251F00DA00F69A36 /* MyerSplashShared.h in Headers */,
			);
			runOnlyForDeploymentPostprocessing = 0;
		};
/* End PBXHeadersBuildPhase section */

/* Begin PBXNativeTarget section */
		2247DB4C251F3E8000DC6F4D /* MyerSplashWidgetExtension */ = {
			isa = PBXNativeTarget;
			buildConfigurationList = 2247DB5F251F3E8200DC6F4D /* Build configuration list for PBXNativeTarget "MyerSplashWidgetExtension" */;
			buildPhases = (
				CE48CD323B9BD3A0B593EF1C /* [CP] Check Pods Manifest.lock */,
				2247DB49251F3E8000DC6F4D /* Sources */,
				2247DB4A251F3E8000DC6F4D /* Frameworks */,
				2247DB4B251F3E8000DC6F4D /* Resources */,
			);
			buildRules = (
			);
			dependencies = (
				2247DB9E251F40BD00DC6F4D /* PBXTargetDependency */,
			);
			name = MyerSplashWidgetExtension;
			productName = MyerSplashWidgetExtension;
			productReference = 2247DB4D251F3E8000DC6F4D /* MyerSplashWidgetExtension.appex */;
			productType = "com.apple.product-type.app-extension";
		};
		22639D8E266D261B00B76C02 /* MacPlugin */ = {
			isa = PBXNativeTarget;
			buildConfigurationList = 22639D94266D261B00B76C02 /* Build configuration list for PBXNativeTarget "MacPlugin" */;
			buildPhases = (
				22639D8B266D261B00B76C02 /* Sources */,
				22639D8C266D261B00B76C02 /* Frameworks */,
				22639D8D266D261B00B76C02 /* Resources */,
			);
			buildRules = (
			);
			dependencies = (
			);
			name = MacPlugin;
			productName = MacPlugin;
			productReference = 22639D8F266D261B00B76C02 /* MacPlugin.bundle */;
			productType = "com.apple.product-type.bundle";
		};
		22D39FEE251F00DA00F69A36 /* MyerSplashShared */ = {
			isa = PBXNativeTarget;
			buildConfigurationList = 22D39FFB251F00DA00F69A36 /* Build configuration list for PBXNativeTarget "MyerSplashShared" */;
			buildPhases = (
				058183FEAA12818E0157262F /* [CP] Check Pods Manifest.lock */,
				22D39FEA251F00DA00F69A36 /* Headers */,
				22D39FEB251F00DA00F69A36 /* Sources */,
				22D39FEC251F00DA00F69A36 /* Frameworks */,
				22D39FED251F00DA00F69A36 /* Resources */,
			);
			buildRules = (
			);
			dependencies = (
			);
			name = MyerSplashShared;
			productName = MyerSplashShared;
			productReference = 22D39FEF251F00DA00F69A36 /* MyerSplashShared.framework */;
			productType = "com.apple.product-type.framework";
		};
		F0D247B81FF7C35000BB8076 /* MyerSplash */ = {
			isa = PBXNativeTarget;
			buildConfigurationList = F0D247CB1FF7C35000BB8076 /* Build configuration list for PBXNativeTarget "MyerSplash" */;
			buildPhases = (
				668A65FC5D03D45D3A2C18DC /* [CP] Check Pods Manifest.lock */,
				F0D247B51FF7C35000BB8076 /* Sources */,
				F0D247B61FF7C35000BB8076 /* Frameworks */,
				F0D247B71FF7C35000BB8076 /* Resources */,
				3417380A98BF9B0FB141B0E6 /* [CP] Embed Pods Frameworks */,
				22D39FF8251F00DA00F69A36 /* Embed Frameworks */,
				2247DB5C251F3E8200DC6F4D /* Embed App Extensions */,
			);
			buildRules = (
			);
			dependencies = (
				22D39FF5251F00DA00F69A36 /* PBXTargetDependency */,
				2247DB59251F3E8200DC6F4D /* PBXTargetDependency */,
				22639D97266D264000B76C02 /* PBXTargetDependency */,
			);
			name = MyerSplash;
			productName = MyerSplash;
			productReference = F0D247B91FF7C35000BB8076 /* MyerSplash.app */;
			productType = "com.apple.product-type.application";
		};
/* End PBXNativeTarget section */

/* Begin PBXProject section */
		F0D247B11FF7C35000BB8076 /* Project object */ = {
			isa = PBXProject;
			attributes = {
				LastSwiftUpdateCheck = 1200;
				LastUpgradeCheck = 1120;
				ORGANIZATIONNAME = juniper;
				TargetAttributes = {
					2247DB4C251F3E8000DC6F4D = {
						CreatedOnToolsVersion = 12.0.1;
					};
					22639D8E266D261B00B76C02 = {
						CreatedOnToolsVersion = 12.5;
						LastSwiftMigration = 1250;
					};
					22D39FEE251F00DA00F69A36 = {
						CreatedOnToolsVersion = 12.0.1;
					};
					F0D247B81FF7C35000BB8076 = {
						CreatedOnToolsVersion = 9.2;
						LastSwiftMigration = 1120;
						ProvisioningStyle = Automatic;
					};
				};
			};
			buildConfigurationList = F0D247B41FF7C35000BB8076 /* Build configuration list for PBXProject "MyerSplash" */;
			compatibilityVersion = "Xcode 8.0";
			developmentRegion = en;
			hasScannedForEncodings = 0;
			knownRegions = (
				en,
				"zh-Hans",
			);
			mainGroup = F0D247B01FF7C35000BB8076;
			productRefGroup = F0D247BA1FF7C35000BB8076 /* Products */;
			projectDirPath = "";
			projectRoot = "";
			targets = (
				F0D247B81FF7C35000BB8076 /* MyerSplash */,
				22D39FEE251F00DA00F69A36 /* MyerSplashShared */,
				2247DB4C251F3E8000DC6F4D /* MyerSplashWidgetExtension */,
				22639D8E266D261B00B76C02 /* MacPlugin */,
			);
		};
/* End PBXProject section */

/* Begin PBXResourcesBuildPhase section */
		2247DB4B251F3E8000DC6F4D /* Resources */ = {
			isa = PBXResourcesBuildPhase;
			buildActionMask = 2147483647;
			files = (
				2247DB56251F3E8200DC6F4D /* Assets.xcassets in Resources */,
				22A0D29D251F9F920043B141 /* Localizable.strings in Resources */,
			);
			runOnlyForDeploymentPostprocessing = 0;
		};
		22639D8D266D261B00B76C02 /* Resources */ = {
			isa = PBXResourcesBuildPhase;
			buildActionMask = 2147483647;
			files = (
			);
			runOnlyForDeploymentPostprocessing = 0;
		};
		22D39FED251F00DA00F69A36 /* Resources */ = {
			isa = PBXResourcesBuildPhase;
			buildActionMask = 2147483647;
			files = (
				22A0D29B251F9F920043B141 /* Localizable.strings in Resources */,
			);
			runOnlyForDeploymentPostprocessing = 0;
		};
		F0D247B71FF7C35000BB8076 /* Resources */ = {
			isa = PBXResourcesBuildPhase;
			buildActionMask = 2147483647;
			files = (
				2219372A23C999BD00A58BE5 /* Localizable.strings in Resources */,
				227D5D2123C2346400B2CC4A /* LaunchScreen2.storyboard in Resources */,
				F02A4BBC1FF8E37A0027B721 /* Assets.xcassets in Resources */,
				F0D247C71FF7C35000BB8076 /* LaunchScreen.storyboard in Resources */,
				F0B633E0200C7E1400D05D74 /* Key.plist in Resources */,
			);
			runOnlyForDeploymentPostprocessing = 0;
		};
/* End PBXResourcesBuildPhase section */

/* Begin PBXShellScriptBuildPhase section */
		058183FEAA12818E0157262F /* [CP] Check Pods Manifest.lock */ = {
			isa = PBXShellScriptBuildPhase;
			buildActionMask = 2147483647;
			files = (
			);
			inputFileListPaths = (
			);
			inputPaths = (
				"${PODS_PODFILE_DIR_PATH}/Podfile.lock",
				"${PODS_ROOT}/Manifest.lock",
			);
			name = "[CP] Check Pods Manifest.lock";
			outputFileListPaths = (
			);
			outputPaths = (
				"$(DERIVED_FILE_DIR)/Pods-MyerSplashShared-checkManifestLockResult.txt",
			);
			runOnlyForDeploymentPostprocessing = 0;
			shellPath = /bin/sh;
			shellScript = "diff \"${PODS_PODFILE_DIR_PATH}/Podfile.lock\" \"${PODS_ROOT}/Manifest.lock\" > /dev/null\nif [ $? != 0 ] ; then\n    # print error to STDERR\n    echo \"error: The sandbox is not in sync with the Podfile.lock. Run 'pod install' or update your CocoaPods installation.\" >&2\n    exit 1\nfi\n# This output is used by Xcode 'outputs' to avoid re-running this script phase.\necho \"SUCCESS\" > \"${SCRIPT_OUTPUT_FILE_0}\"\n";
			showEnvVarsInLog = 0;
		};
		3417380A98BF9B0FB141B0E6 /* [CP] Embed Pods Frameworks */ = {
			isa = PBXShellScriptBuildPhase;
			buildActionMask = 2147483647;
			files = (
			);
			inputPaths = (
				"${PODS_ROOT}/Target Support Files/Pods-MyerSplash/Pods-MyerSplash-frameworks.sh",
				"${BUILT_PRODUCTS_DIR}/Alamofire/Alamofire.framework",
				"${BUILT_PRODUCTS_DIR}/ELWaterFallLayout/ELWaterFallLayout.framework",
				"${BUILT_PRODUCTS_DIR}/FlexLayout/FlexLayout.framework",
				"${BUILT_PRODUCTS_DIR}/MDFInternationalization/MDFInternationalization.framework",
				"${BUILT_PRODUCTS_DIR}/MDFTextAccessibility/MDFTextAccessibility.framework",
				"${BUILT_PRODUCTS_DIR}/MaterialComponents/MaterialComponents.framework",
				"${BUILT_PRODUCTS_DIR}/MotionAnimator/MotionAnimator.framework",
				"${BUILT_PRODUCTS_DIR}/MotionInterchange/MotionInterchange.framework",
				"${BUILT_PRODUCTS_DIR}/Nuke/Nuke.framework",
				"${BUILT_PRODUCTS_DIR}/Pageboy/Pageboy.framework",
				"${BUILT_PRODUCTS_DIR}/PinLayout/PinLayout.framework",
				"${BUILT_PRODUCTS_DIR}/RxAlamofire/RxAlamofire.framework",
				"${BUILT_PRODUCTS_DIR}/RxSwift/RxSwift.framework",
				"${BUILT_PRODUCTS_DIR}/SQLiteRepairKit/sqliterk.framework",
				"${BUILT_PRODUCTS_DIR}/SnapKit/SnapKit.framework",
				"${BUILT_PRODUCTS_DIR}/SwiftyJSON/SwiftyJSON.framework",
				"${BUILT_PRODUCTS_DIR}/Tabman/Tabman.framework",
				"${BUILT_PRODUCTS_DIR}/WCDB.swift/WCDBSwift.framework",
				"${BUILT_PRODUCTS_DIR}/WCDBOptimizedSQLCipher/sqlcipher.framework",
			);
			name = "[CP] Embed Pods Frameworks";
			outputPaths = (
				"${TARGET_BUILD_DIR}/${FRAMEWORKS_FOLDER_PATH}/Alamofire.framework",
				"${TARGET_BUILD_DIR}/${FRAMEWORKS_FOLDER_PATH}/ELWaterFallLayout.framework",
				"${TARGET_BUILD_DIR}/${FRAMEWORKS_FOLDER_PATH}/FlexLayout.framework",
				"${TARGET_BUILD_DIR}/${FRAMEWORKS_FOLDER_PATH}/MDFInternationalization.framework",
				"${TARGET_BUILD_DIR}/${FRAMEWORKS_FOLDER_PATH}/MDFTextAccessibility.framework",
				"${TARGET_BUILD_DIR}/${FRAMEWORKS_FOLDER_PATH}/MaterialComponents.framework",
				"${TARGET_BUILD_DIR}/${FRAMEWORKS_FOLDER_PATH}/MotionAnimator.framework",
				"${TARGET_BUILD_DIR}/${FRAMEWORKS_FOLDER_PATH}/MotionInterchange.framework",
				"${TARGET_BUILD_DIR}/${FRAMEWORKS_FOLDER_PATH}/Nuke.framework",
				"${TARGET_BUILD_DIR}/${FRAMEWORKS_FOLDER_PATH}/Pageboy.framework",
				"${TARGET_BUILD_DIR}/${FRAMEWORKS_FOLDER_PATH}/PinLayout.framework",
				"${TARGET_BUILD_DIR}/${FRAMEWORKS_FOLDER_PATH}/RxAlamofire.framework",
				"${TARGET_BUILD_DIR}/${FRAMEWORKS_FOLDER_PATH}/RxSwift.framework",
				"${TARGET_BUILD_DIR}/${FRAMEWORKS_FOLDER_PATH}/sqliterk.framework",
				"${TARGET_BUILD_DIR}/${FRAMEWORKS_FOLDER_PATH}/SnapKit.framework",
				"${TARGET_BUILD_DIR}/${FRAMEWORKS_FOLDER_PATH}/SwiftyJSON.framework",
				"${TARGET_BUILD_DIR}/${FRAMEWORKS_FOLDER_PATH}/Tabman.framework",
				"${TARGET_BUILD_DIR}/${FRAMEWORKS_FOLDER_PATH}/WCDBSwift.framework",
				"${TARGET_BUILD_DIR}/${FRAMEWORKS_FOLDER_PATH}/sqlcipher.framework",
			);
			runOnlyForDeploymentPostprocessing = 0;
			shellPath = /bin/sh;
			shellScript = "\"${PODS_ROOT}/Target Support Files/Pods-MyerSplash/Pods-MyerSplash-frameworks.sh\"\n";
			showEnvVarsInLog = 0;
		};
		668A65FC5D03D45D3A2C18DC /* [CP] Check Pods Manifest.lock */ = {
			isa = PBXShellScriptBuildPhase;
			buildActionMask = 2147483647;
			files = (
			);
			inputPaths = (
				"${PODS_PODFILE_DIR_PATH}/Podfile.lock",
				"${PODS_ROOT}/Manifest.lock",
			);
			name = "[CP] Check Pods Manifest.lock";
			outputPaths = (
				"$(DERIVED_FILE_DIR)/Pods-MyerSplash-checkManifestLockResult.txt",
			);
			runOnlyForDeploymentPostprocessing = 0;
			shellPath = /bin/sh;
			shellScript = "diff \"${PODS_PODFILE_DIR_PATH}/Podfile.lock\" \"${PODS_ROOT}/Manifest.lock\" > /dev/null\nif [ $? != 0 ] ; then\n    # print error to STDERR\n    echo \"error: The sandbox is not in sync with the Podfile.lock. Run 'pod install' or update your CocoaPods installation.\" >&2\n    exit 1\nfi\n# This output is used by Xcode 'outputs' to avoid re-running this script phase.\necho \"SUCCESS\" > \"${SCRIPT_OUTPUT_FILE_0}\"\n";
			showEnvVarsInLog = 0;
		};
		CE48CD323B9BD3A0B593EF1C /* [CP] Check Pods Manifest.lock */ = {
			isa = PBXShellScriptBuildPhase;
			buildActionMask = 2147483647;
			files = (
			);
			inputFileListPaths = (
			);
			inputPaths = (
				"${PODS_PODFILE_DIR_PATH}/Podfile.lock",
				"${PODS_ROOT}/Manifest.lock",
			);
			name = "[CP] Check Pods Manifest.lock";
			outputFileListPaths = (
			);
			outputPaths = (
				"$(DERIVED_FILE_DIR)/Pods-MyerSplashWidgetExtension-checkManifestLockResult.txt",
			);
			runOnlyForDeploymentPostprocessing = 0;
			shellPath = /bin/sh;
			shellScript = "diff \"${PODS_PODFILE_DIR_PATH}/Podfile.lock\" \"${PODS_ROOT}/Manifest.lock\" > /dev/null\nif [ $? != 0 ] ; then\n    # print error to STDERR\n    echo \"error: The sandbox is not in sync with the Podfile.lock. Run 'pod install' or update your CocoaPods installation.\" >&2\n    exit 1\nfi\n# This output is used by Xcode 'outputs' to avoid re-running this script phase.\necho \"SUCCESS\" > \"${SCRIPT_OUTPUT_FILE_0}\"\n";
			showEnvVarsInLog = 0;
		};
/* End PBXShellScriptBuildPhase section */

/* Begin PBXSourcesBuildPhase section */
		2247DB49251F3E8000DC6F4D /* Sources */ = {
			isa = PBXSourcesBuildPhase;
			buildActionMask = 2147483647;
			files = (
				2247DB54251F3E8000DC6F4D /* MyerSplashWidget.swift in Sources */,
			);
			runOnlyForDeploymentPostprocessing = 0;
		};
		22639D8B266D261B00B76C02 /* Sources */ = {
			isa = PBXSourcesBuildPhase;
			buildActionMask = 2147483647;
			files = (
				22639D9C266D266700B76C02 /* MacPlugin.swift in Sources */,
				22639D9A266D265300B76C02 /* Plugin.swift in Sources */,
			);
			runOnlyForDeploymentPostprocessing = 0;
		};
		22D39FEB251F00DA00F69A36 /* Sources */ = {
			isa = PBXSourcesBuildPhase;
			buildActionMask = 2147483647;
			files = (
				2247DB25251F38F100DC6F4D /* ToastView.swift in Sources */,
				2247DB2E251F390500DC6F4D /* AppSettings.swift in Sources */,
				2247DAFC251F385A00DC6F4D /* UIViewControllerExtensions.swift in Sources */,
				2247DAFF251F385A00DC6F4D /* UICollectionViewCellExtensions.swift in Sources */,
				2252128F2544A2DD002553A0 /* NetworkQuality.swift in Sources */,
				2247DB05251F387E00DC6F4D /* DownloadManager.swift in Sources */,
				2247DAF5251F384000DC6F4D /* FontSizes.swift in Sources */,
				2247DB3F251F3A7D00DC6F4D /* Request.swift in Sources */,
				2247DAF1251F384000DC6F4D /* Colors.swift in Sources */,
				2247DB29251F390500DC6F4D /* ImageIO.swift in Sources */,
				2247DB22251F38D500DC6F4D /* UnsplashUser.swift in Sources */,
				2247DB21251F38D500DC6F4D /* UnsplashImage.swift in Sources */,
				2247DAF2251F384000DC6F4D /* Dimensions.swift in Sources */,
				2247DAF9251F385A00DC6F4D /* StringExtension.swift in Sources */,
				2247DB2B251F390500DC6F4D /* AppNotification.swift in Sources */,
				2247DB00251F385A00DC6F4D /* MiscExtension.swift in Sources */,
				2247DB28251F390500DC6F4D /* Events.swift in Sources */,
				2247DB2A251F390500DC6F4D /* Reachability.swift in Sources */,
				2247DAF6251F384000DC6F4D /* Keys.swift in Sources */,
				2247DAFB251F385A00DC6F4D /* UIFontExtension.swift in Sources */,
				2247DAF4251F384000DC6F4D /* R.swift in Sources */,
				2247DB2C251F390500DC6F4D /* UIs.swift in Sources */,
				2247DAFA251F385A00DC6F4D /* UserDefaultsExtension.swift in Sources */,
				2247DB06251F387E00DC6F4D /* DownloadItem.swift in Sources */,
				2247DAFD251F385A00DC6F4D /* UIViewExtensions.swift in Sources */,
				2247DAF3251F384000DC6F4D /* Values.swift in Sources */,
				2247DB2D251F390500DC6F4D /* AppKeys.swift in Sources */,
				2247DAFE251F385A00DC6F4D /* ColorExtension.swift in Sources */,
				2247DB07251F387E00DC6F4D /* AppDb.swift in Sources */,
				2247DB67251F3FB400DC6F4D /* Error.swift in Sources */,
				2247DB2F251F390500DC6F4D /* Log.swift in Sources */,
			);
			runOnlyForDeploymentPostprocessing = 0;
		};
		F0D247B51FF7C35000BB8076 /* Sources */ = {
			isa = PBXSourcesBuildPhase;
			buildActionMask = 2147483647;
			files = (
				F0D247BD1FF7C35000BB8076 /* AppDelegate.swift in Sources */,
				54A56482196A6EC512092AEF /* MainViewController.swift in Sources */,
				222D46B023C1081B003C754B /* ImagesViewController.swift in Sources */,
				2247DB44251F3AAC00DC6F4D /* Misc.swift in Sources */,
				2268721E23C369AB00F921F4 /* MoreViewController.swift in Sources */,
				22E496B723C8CA0A00B836F0 /* DownloadButton.swift in Sources */,
				54A56436968DEEDE565A1488 /* ErrorHintView.swift in Sources */,
				2268722623C4CFD300F921F4 /* SearchViewController.swift in Sources */,
				54A567D034514DDE364499FF /* SettingsViewController.swift in Sources */,
				54A5673F06B3997A1D9F10B5 /* SettingsGroup.swift in Sources */,
				54A5633E122F31E30C40824D /* SettingsSwitchItem.swift in Sources */,
				221D26A623D21502003BE444 /* SettingsView.swift in Sources */,
				54A56709576E7FF86A3B5D92 /* SettingsItem.swift in Sources */,
				22639DA2266D2B1700B76C02 /* MacBundlePlugin.swift in Sources */,
				2268722223C36A1100F921F4 /* AboutViewController.swift in Sources */,
				54A56E07DAF6EB75DC63E7E8 /* DialogViewController.swift in Sources */,
				54A56163F93551D241697C6F /* BaseViewController.swift in Sources */,
				223D1EE524A3AF86000D04FC /* SearchView.swift in Sources */,
				54A56051D8CDE89833CFA912 /* RadioButtonGroup.swift in Sources */,
				22639DA0266D286800B76C02 /* Plugin.swift in Sources */,
				222D46B323C10CAA003C754B /* ImageRepo.swift in Sources */,
				54A56D3CB8BEF537A73CE386 /* MainImageTableCell.swift in Sources */,
				22B284BA2553DBC50042DD9B /* TabsListView.swift in Sources */,
				2268722023C369E600F921F4 /* DownloadsViewController.swift in Sources */,
				2268722F23C632B100F921F4 /* DownloadItemCell.swift in Sources */,
				54A5646DE8E2778738D9664F /* ImageDetailView.swift in Sources */,
				2268722823C4DF8B00F921F4 /* SearchHintView.swift in Sources */,
				2268722423C36AAB00F921F4 /* TMBarButtonBar.swift in Sources */,
				2268723123C64A1F00F921F4 /* ImageEditorViewController.swift in Sources */,
				1A54FD1D9B7E93F3367E6C10 /* DayNightImageView.swift in Sources */,
				22ED11C125448AEE00847193 /* FilterButton.swift in Sources */,
			);
			runOnlyForDeploymentPostprocessing = 0;
		};
/* End PBXSourcesBuildPhase section */

/* Begin PBXTargetDependency section */
		2247DB59251F3E8200DC6F4D /* PBXTargetDependency */ = {
			isa = PBXTargetDependency;
			target = 2247DB4C251F3E8000DC6F4D /* MyerSplashWidgetExtension */;
			targetProxy = 2247DB58251F3E8200DC6F4D /* PBXContainerItemProxy */;
		};
		2247DB9E251F40BD00DC6F4D /* PBXTargetDependency */ = {
			isa = PBXTargetDependency;
			target = 22D39FEE251F00DA00F69A36 /* MyerSplashShared */;
			targetProxy = 2247DB9D251F40BD00DC6F4D /* PBXContainerItemProxy */;
		};
		22639D97266D264000B76C02 /* PBXTargetDependency */ = {
			isa = PBXTargetDependency;
			platformFilter = maccatalyst;
			target = 22639D8E266D261B00B76C02 /* MacPlugin */;
			targetProxy = 22639D96266D264000B76C02 /* PBXContainerItemProxy */;
		};
		22D39FF5251F00DA00F69A36 /* PBXTargetDependency */ = {
			isa = PBXTargetDependency;
			target = 22D39FEE251F00DA00F69A36 /* MyerSplashShared */;
			targetProxy = 22D39FF4251F00DA00F69A36 /* PBXContainerItemProxy */;
		};
/* End PBXTargetDependency section */

/* Begin PBXVariantGroup section */
		2219372C23C999BD00A58BE5 /* Localizable.strings */ = {
			isa = PBXVariantGroup;
			children = (
				2219372B23C999BD00A58BE5 /* en */,
				2219372F23C99C1B00A58BE5 /* zh-Hans */,
			);
			name = Localizable.strings;
			sourceTree = "<group>";
		};
		F0D247C51FF7C35000BB8076 /* LaunchScreen.storyboard */ = {
			isa = PBXVariantGroup;
			children = (
				2219372E23C99AF000A58BE5 /* en */,
			);
			name = LaunchScreen.storyboard;
			sourceTree = "<group>";
		};
/* End PBXVariantGroup section */

/* Begin XCBuildConfiguration section */
		2247DB5D251F3E8200DC6F4D /* Debug */ = {
			isa = XCBuildConfiguration;
			baseConfigurationReference = 03A656DD8EA3371BBA7BB59E /* Pods-MyerSplashWidgetExtension.debug.xcconfig */;
			buildSettings = {
				ASSETCATALOG_COMPILER_GLOBAL_ACCENT_COLOR_NAME = AccentColor;
				ASSETCATALOG_COMPILER_WIDGET_BACKGROUND_COLOR_NAME = WidgetBackground;
				CLANG_ENABLE_OBJC_WEAK = YES;
				CLANG_WARN_QUOTED_INCLUDE_IN_FRAMEWORK_HEADER = YES;
				CODE_SIGN_ENTITLEMENTS = MyerSplashWidgetExtension.entitlements;
				CODE_SIGN_IDENTITY = "iPhone Developer";
				CODE_SIGN_STYLE = Automatic;
				CURRENT_PROJECT_VERSION = 465;
				DEVELOPMENT_TEAM = 7GB9CHCB87;
				INFOPLIST_FILE = MyerSplashWidget/Info.plist;
				IPHONEOS_DEPLOYMENT_TARGET = 14.0;
				"IPHONEOS_DEPLOYMENT_TARGET[sdk=macosx*]" = 14.2;
				LD_RUNPATH_SEARCH_PATHS = (
					"$(inherited)",
					"@executable_path/Frameworks",
					"@executable_path/../../Frameworks",
				);
				MARKETING_VERSION = 4.6.0;
				MTL_ENABLE_DEBUG_INFO = INCLUDE_SOURCE;
				MTL_FAST_MATH = YES;
				PRODUCT_BUNDLE_IDENTIFIER = com.juniperphoton.myersplash.MyerSplashWidget;
				PRODUCT_NAME = "$(TARGET_NAME)";
				SKIP_INSTALL = YES;
				SUPPORTS_MACCATALYST = YES;
				SWIFT_VERSION = 5.0;
				TARGETED_DEVICE_FAMILY = "1,2";
			};
			name = Debug;
		};
		2247DB5E251F3E8200DC6F4D /* Release */ = {
			isa = XCBuildConfiguration;
			baseConfigurationReference = DFA36C32ED7B3149718E21A1 /* Pods-MyerSplashWidgetExtension.release.xcconfig */;
			buildSettings = {
				ASSETCATALOG_COMPILER_GLOBAL_ACCENT_COLOR_NAME = AccentColor;
				ASSETCATALOG_COMPILER_WIDGET_BACKGROUND_COLOR_NAME = WidgetBackground;
				CLANG_ENABLE_OBJC_WEAK = YES;
				CLANG_WARN_QUOTED_INCLUDE_IN_FRAMEWORK_HEADER = YES;
				CODE_SIGN_ENTITLEMENTS = MyerSplashWidgetExtension.entitlements;
				CODE_SIGN_IDENTITY = "iPhone Developer";
				CODE_SIGN_STYLE = Automatic;
				CURRENT_PROJECT_VERSION = 465;
				DEVELOPMENT_TEAM = 7GB9CHCB87;
				INFOPLIST_FILE = MyerSplashWidget/Info.plist;
				IPHONEOS_DEPLOYMENT_TARGET = 14.0;
				"IPHONEOS_DEPLOYMENT_TARGET[sdk=macosx*]" = 14.2;
				LD_RUNPATH_SEARCH_PATHS = (
					"$(inherited)",
					"@executable_path/Frameworks",
					"@executable_path/../../Frameworks",
				);
				MARKETING_VERSION = 4.6.0;
				MTL_FAST_MATH = YES;
				PRODUCT_BUNDLE_IDENTIFIER = com.juniperphoton.myersplash.MyerSplashWidget;
				PRODUCT_NAME = "$(TARGET_NAME)";
				SKIP_INSTALL = YES;
				SUPPORTS_MACCATALYST = YES;
				SWIFT_VERSION = 5.0;
				TARGETED_DEVICE_FAMILY = "1,2";
			};
			name = Release;
		};
		22639D92266D261B00B76C02 /* Debug */ = {
			isa = XCBuildConfiguration;
			buildSettings = {
				CLANG_ENABLE_MODULES = YES;
				CLANG_ENABLE_OBJC_WEAK = YES;
				CLANG_WARN_QUOTED_INCLUDE_IN_FRAMEWORK_HEADER = YES;
				CODE_SIGN_STYLE = Automatic;
				COMBINE_HIDPI_IMAGES = YES;
				CURRENT_PROJECT_VERSION = 465;
				DEVELOPMENT_TEAM = 7GB9CHCB87;
				INFOPLIST_FILE = MacPlugin/Info.plist;
				INSTALL_PATH = "$(LOCAL_LIBRARY_DIR)/Bundles";
				LD_RUNPATH_SEARCH_PATHS = (
					"$(inherited)",
					"@executable_path/../Frameworks",
					"@loader_path/../Frameworks",
				);
				MACOSX_DEPLOYMENT_TARGET = 11.3;
				MARKETING_VERSION = 4.6.0;
				MTL_ENABLE_DEBUG_INFO = INCLUDE_SOURCE;
				MTL_FAST_MATH = YES;
				PRODUCT_BUNDLE_IDENTIFIER = com.juniperphoton.MacPlugin;
				PRODUCT_NAME = "$(TARGET_NAME)";
				SDKROOT = macosx;
				SKIP_INSTALL = YES;
				SWIFT_OBJC_BRIDGING_HEADER = "MacPlugin/MacPlugin-Bridging-Header.h";
				SWIFT_OPTIMIZATION_LEVEL = "-Onone";
				SWIFT_VERSION = 5.0;
				WRAPPER_EXTENSION = bundle;
			};
			name = Debug;
		};
		22639D93266D261B00B76C02 /* Release */ = {
			isa = XCBuildConfiguration;
			buildSettings = {
				CLANG_ENABLE_MODULES = YES;
				CLANG_ENABLE_OBJC_WEAK = YES;
				CLANG_WARN_QUOTED_INCLUDE_IN_FRAMEWORK_HEADER = YES;
				CODE_SIGN_STYLE = Automatic;
				COMBINE_HIDPI_IMAGES = YES;
				CURRENT_PROJECT_VERSION = 465;
				DEVELOPMENT_TEAM = 7GB9CHCB87;
				INFOPLIST_FILE = MacPlugin/Info.plist;
				INSTALL_PATH = "$(LOCAL_LIBRARY_DIR)/Bundles";
				LD_RUNPATH_SEARCH_PATHS = (
					"$(inherited)",
					"@executable_path/../Frameworks",
					"@loader_path/../Frameworks",
				);
				MACOSX_DEPLOYMENT_TARGET = 11.3;
				MARKETING_VERSION = 4.6.0;
				MTL_FAST_MATH = YES;
				PRODUCT_BUNDLE_IDENTIFIER = com.juniperphoton.MacPlugin;
				PRODUCT_NAME = "$(TARGET_NAME)";
				SDKROOT = macosx;
				SKIP_INSTALL = YES;
				SWIFT_OBJC_BRIDGING_HEADER = "MacPlugin/MacPlugin-Bridging-Header.h";
				SWIFT_VERSION = 5.0;
				WRAPPER_EXTENSION = bundle;
			};
			name = Release;
		};
		22D39FF9251F00DA00F69A36 /* Debug */ = {
			isa = XCBuildConfiguration;
			baseConfigurationReference = 50AB4F0F0D7379FD5BECD603 /* Pods-MyerSplashShared.debug.xcconfig */;
			buildSettings = {
				CLANG_ENABLE_OBJC_WEAK = YES;
				CLANG_WARN_QUOTED_INCLUDE_IN_FRAMEWORK_HEADER = YES;
				CODE_SIGN_IDENTITY = "iPhone Developer";
				CODE_SIGN_STYLE = Automatic;
				CURRENT_PROJECT_VERSION = 465;
				DEFINES_MODULE = YES;
				DEVELOPMENT_TEAM = 7GB9CHCB87;
				DYLIB_COMPATIBILITY_VERSION = 1;
				DYLIB_CURRENT_VERSION = 1;
				DYLIB_INSTALL_NAME_BASE = "@rpath";
				FRAMEWORK_SEARCH_PATHS = (
					"$(inherited)",
					"$(PROJECT_DIR)/Vendor",
				);
				INFOPLIST_FILE = MyerSplashShared/Info.plist;
				INSTALL_PATH = "$(LOCAL_LIBRARY_DIR)/Frameworks";
				IPHONEOS_DEPLOYMENT_TARGET = 13.0;
				LD_RUNPATH_SEARCH_PATHS = (
					"$(inherited)",
					"@executable_path/Frameworks",
					"@loader_path/Frameworks",
				);
				MARKETING_VERSION = 4.6.0;
				MTL_ENABLE_DEBUG_INFO = INCLUDE_SOURCE;
				MTL_FAST_MATH = YES;
				PRODUCT_BUNDLE_IDENTIFIER = com.juniperphoton.MyerSplashShared;
				PRODUCT_NAME = "$(TARGET_NAME:c99extidentifier)";
				SKIP_INSTALL = YES;
				SWIFT_VERSION = 5.0;
				TARGETED_DEVICE_FAMILY = "1,2";
				VERSIONING_SYSTEM = "apple-generic";
				VERSION_INFO_PREFIX = "";
			};
			name = Debug;
		};
		22D39FFA251F00DA00F69A36 /* Release */ = {
			isa = XCBuildConfiguration;
			baseConfigurationReference = 0AC28CD0CF437C5DD4F0B809 /* Pods-MyerSplashShared.release.xcconfig */;
			buildSettings = {
				CLANG_ENABLE_OBJC_WEAK = YES;
				CLANG_WARN_QUOTED_INCLUDE_IN_FRAMEWORK_HEADER = YES;
				CODE_SIGN_IDENTITY = "iPhone Developer";
				CODE_SIGN_STYLE = Automatic;
				CURRENT_PROJECT_VERSION = 465;
				DEFINES_MODULE = YES;
				DEVELOPMENT_TEAM = 7GB9CHCB87;
				DYLIB_COMPATIBILITY_VERSION = 1;
				DYLIB_CURRENT_VERSION = 1;
				DYLIB_INSTALL_NAME_BASE = "@rpath";
				FRAMEWORK_SEARCH_PATHS = (
					"$(inherited)",
					"$(PROJECT_DIR)/Vendor",
				);
				INFOPLIST_FILE = MyerSplashShared/Info.plist;
				INSTALL_PATH = "$(LOCAL_LIBRARY_DIR)/Frameworks";
				IPHONEOS_DEPLOYMENT_TARGET = 13.0;
				LD_RUNPATH_SEARCH_PATHS = (
					"$(inherited)",
					"@executable_path/Frameworks",
					"@loader_path/Frameworks",
				);
				MARKETING_VERSION = 4.6.0;
				MTL_FAST_MATH = YES;
				PRODUCT_BUNDLE_IDENTIFIER = com.juniperphoton.MyerSplashShared;
				PRODUCT_NAME = "$(TARGET_NAME:c99extidentifier)";
				SKIP_INSTALL = YES;
				SWIFT_VERSION = 5.0;
				TARGETED_DEVICE_FAMILY = "1,2";
				VERSIONING_SYSTEM = "apple-generic";
				VERSION_INFO_PREFIX = "";
			};
			name = Release;
		};
		F0D247C91FF7C35000BB8076 /* Debug */ = {
			isa = XCBuildConfiguration;
			buildSettings = {
				ALWAYS_SEARCH_USER_PATHS = NO;
				CLANG_ANALYZER_LOCALIZABILITY_NONLOCALIZED = YES;
				CLANG_ANALYZER_NONNULL = YES;
				CLANG_ANALYZER_NUMBER_OBJECT_CONVERSION = YES_AGGRESSIVE;
				CLANG_CXX_LANGUAGE_STANDARD = "gnu++14";
				CLANG_CXX_LIBRARY = "libc++";
				CLANG_ENABLE_MODULES = YES;
				CLANG_ENABLE_OBJC_ARC = YES;
				CLANG_WARN_BLOCK_CAPTURE_AUTORELEASING = YES;
				CLANG_WARN_BOOL_CONVERSION = YES;
				CLANG_WARN_COMMA = YES;
				CLANG_WARN_CONSTANT_CONVERSION = YES;
				CLANG_WARN_DEPRECATED_OBJC_IMPLEMENTATIONS = YES;
				CLANG_WARN_DIRECT_OBJC_ISA_USAGE = YES_ERROR;
				CLANG_WARN_DOCUMENTATION_COMMENTS = YES;
				CLANG_WARN_EMPTY_BODY = YES;
				CLANG_WARN_ENUM_CONVERSION = YES;
				CLANG_WARN_INFINITE_RECURSION = YES;
				CLANG_WARN_INT_CONVERSION = YES;
				CLANG_WARN_NON_LITERAL_NULL_CONVERSION = YES;
				CLANG_WARN_OBJC_IMPLICIT_RETAIN_SELF = YES;
				CLANG_WARN_OBJC_LITERAL_CONVERSION = YES;
				CLANG_WARN_OBJC_ROOT_CLASS = YES_ERROR;
				CLANG_WARN_RANGE_LOOP_ANALYSIS = YES;
				CLANG_WARN_STRICT_PROTOTYPES = YES;
				CLANG_WARN_SUSPICIOUS_MOVE = YES;
				CLANG_WARN_UNGUARDED_AVAILABILITY = YES_AGGRESSIVE;
				CLANG_WARN_UNREACHABLE_CODE = YES;
				CLANG_WARN__DUPLICATE_METHOD_MATCH = YES;
				CODE_SIGN_IDENTITY = "iPhone Developer";
				COPY_PHASE_STRIP = NO;
				DEBUG_INFORMATION_FORMAT = dwarf;
				ENABLE_STRICT_OBJC_MSGSEND = YES;
				ENABLE_TESTABILITY = YES;
				GCC_C_LANGUAGE_STANDARD = gnu11;
				GCC_DYNAMIC_NO_PIC = NO;
				GCC_NO_COMMON_BLOCKS = YES;
				GCC_OPTIMIZATION_LEVEL = 0;
				GCC_PREPROCESSOR_DEFINITIONS = (
					"DEBUG=1",
					"$(inherited)",
				);
				GCC_WARN_64_TO_32_BIT_CONVERSION = YES;
				GCC_WARN_ABOUT_RETURN_TYPE = YES_ERROR;
				GCC_WARN_UNDECLARED_SELECTOR = YES;
				GCC_WARN_UNINITIALIZED_AUTOS = YES_AGGRESSIVE;
				GCC_WARN_UNUSED_FUNCTION = YES;
				GCC_WARN_UNUSED_VARIABLE = YES;
				IPHONEOS_DEPLOYMENT_TARGET = 11.0;
				MTL_ENABLE_DEBUG_INFO = YES;
				ONLY_ACTIVE_ARCH = YES;
				SDKROOT = iphoneos;
				SWIFT_ACTIVE_COMPILATION_CONDITIONS = DEBUG;
				SWIFT_OPTIMIZATION_LEVEL = "-Onone";
			};
			name = Debug;
		};
		F0D247CA1FF7C35000BB8076 /* Release */ = {
			isa = XCBuildConfiguration;
			buildSettings = {
				ALWAYS_SEARCH_USER_PATHS = NO;
				CLANG_ANALYZER_LOCALIZABILITY_NONLOCALIZED = YES;
				CLANG_ANALYZER_NONNULL = YES;
				CLANG_ANALYZER_NUMBER_OBJECT_CONVERSION = YES_AGGRESSIVE;
				CLANG_CXX_LANGUAGE_STANDARD = "gnu++14";
				CLANG_CXX_LIBRARY = "libc++";
				CLANG_ENABLE_MODULES = YES;
				CLANG_ENABLE_OBJC_ARC = YES;
				CLANG_WARN_BLOCK_CAPTURE_AUTORELEASING = YES;
				CLANG_WARN_BOOL_CONVERSION = YES;
				CLANG_WARN_COMMA = YES;
				CLANG_WARN_CONSTANT_CONVERSION = YES;
				CLANG_WARN_DEPRECATED_OBJC_IMPLEMENTATIONS = YES;
				CLANG_WARN_DIRECT_OBJC_ISA_USAGE = YES_ERROR;
				CLANG_WARN_DOCUMENTATION_COMMENTS = YES;
				CLANG_WARN_EMPTY_BODY = YES;
				CLANG_WARN_ENUM_CONVERSION = YES;
				CLANG_WARN_INFINITE_RECURSION = YES;
				CLANG_WARN_INT_CONVERSION = YES;
				CLANG_WARN_NON_LITERAL_NULL_CONVERSION = YES;
				CLANG_WARN_OBJC_IMPLICIT_RETAIN_SELF = YES;
				CLANG_WARN_OBJC_LITERAL_CONVERSION = YES;
				CLANG_WARN_OBJC_ROOT_CLASS = YES_ERROR;
				CLANG_WARN_RANGE_LOOP_ANALYSIS = YES;
				CLANG_WARN_STRICT_PROTOTYPES = YES;
				CLANG_WARN_SUSPICIOUS_MOVE = YES;
				CLANG_WARN_UNGUARDED_AVAILABILITY = YES_AGGRESSIVE;
				CLANG_WARN_UNREACHABLE_CODE = YES;
				CLANG_WARN__DUPLICATE_METHOD_MATCH = YES;
				CODE_SIGN_IDENTITY = "iPhone Developer";
				COPY_PHASE_STRIP = NO;
				DEBUG_INFORMATION_FORMAT = "dwarf-with-dsym";
				ENABLE_NS_ASSERTIONS = NO;
				ENABLE_STRICT_OBJC_MSGSEND = YES;
				GCC_C_LANGUAGE_STANDARD = gnu11;
				GCC_NO_COMMON_BLOCKS = YES;
				GCC_WARN_64_TO_32_BIT_CONVERSION = YES;
				GCC_WARN_ABOUT_RETURN_TYPE = YES_ERROR;
				GCC_WARN_UNDECLARED_SELECTOR = YES;
				GCC_WARN_UNINITIALIZED_AUTOS = YES_AGGRESSIVE;
				GCC_WARN_UNUSED_FUNCTION = YES;
				GCC_WARN_UNUSED_VARIABLE = YES;
				IPHONEOS_DEPLOYMENT_TARGET = 11.0;
				MTL_ENABLE_DEBUG_INFO = NO;
				SDKROOT = iphoneos;
				SWIFT_COMPILATION_MODE = wholemodule;
				SWIFT_OPTIMIZATION_LEVEL = "-O";
				VALIDATE_PRODUCT = YES;
			};
			name = Release;
		};
		F0D247CC1FF7C35000BB8076 /* Debug */ = {
			isa = XCBuildConfiguration;
			baseConfigurationReference = 4A2B06F4E1389C35FBC44B8C /* Pods-MyerSplash.debug.xcconfig */;
			buildSettings = {
				ALWAYS_EMBED_SWIFT_STANDARD_LIBRARIES = YES;
				ASSETCATALOG_COMPILER_APPICON_NAME = AppIcon;
				CODE_SIGN_ENTITLEMENTS = MyerSplash/MyerSplash.entitlements;
				CODE_SIGN_IDENTITY = "iPhone Developer";
				CODE_SIGN_STYLE = Automatic;
				CURRENT_PROJECT_VERSION = 467;
				DEVELOPMENT_TEAM = 7GB9CHCB87;
				FRAMEWORK_SEARCH_PATHS = (
					"$(inherited)",
					"$(PROJECT_DIR)/Vendor",
				);
				INFOPLIST_FILE = MyerSplash/Info.plist;
				IPHONEOS_DEPLOYMENT_TARGET = 13.0;
				"IPHONEOS_DEPLOYMENT_TARGET[sdk=macosx*]" = 13.5;
				LD_RUNPATH_SEARCH_PATHS = (
					"$(inherited)",
					"@executable_path/Frameworks",
				);
				MARKETING_VERSION = 4.6.1;
				PRODUCT_BUNDLE_IDENTIFIER = com.juniperphoton.myersplash;
				PRODUCT_NAME = "$(TARGET_NAME)";
				PROVISIONING_PROFILE_SPECIFIER = "";
				SUPPORTS_MACCATALYST = YES;
				SWIFT_VERSION = 5.0;
				TARGETED_DEVICE_FAMILY = "1,2";
			};
			name = Debug;
		};
		F0D247CD1FF7C35000BB8076 /* Release */ = {
			isa = XCBuildConfiguration;
			baseConfigurationReference = 8C5A8F87AE0DE305C3487239 /* Pods-MyerSplash.release.xcconfig */;
			buildSettings = {
				ALWAYS_EMBED_SWIFT_STANDARD_LIBRARIES = YES;
				ASSETCATALOG_COMPILER_APPICON_NAME = AppIcon;
				CODE_SIGN_ENTITLEMENTS = MyerSplash/MyerSplash.entitlements;
				CODE_SIGN_IDENTITY = "iPhone Developer";
				CODE_SIGN_STYLE = Automatic;
				CURRENT_PROJECT_VERSION = 467;
				DEVELOPMENT_TEAM = 7GB9CHCB87;
				FRAMEWORK_SEARCH_PATHS = (
					"$(inherited)",
					"$(PROJECT_DIR)/Vendor",
				);
				INFOPLIST_FILE = MyerSplash/Info.plist;
				IPHONEOS_DEPLOYMENT_TARGET = 13.0;
				"IPHONEOS_DEPLOYMENT_TARGET[sdk=macosx*]" = 13.5;
				LD_RUNPATH_SEARCH_PATHS = (
					"$(inherited)",
					"@executable_path/Frameworks",
				);
				MARKETING_VERSION = 4.6.1;
				PRODUCT_BUNDLE_IDENTIFIER = com.juniperphoton.myersplash;
				PRODUCT_NAME = "$(TARGET_NAME)";
				PROVISIONING_PROFILE_SPECIFIER = "";
				SUPPORTS_MACCATALYST = YES;
				SWIFT_VERSION = 5.0;
				TARGETED_DEVICE_FAMILY = "1,2";
			};
			name = Release;
		};
/* End XCBuildConfiguration section */

/* Begin XCConfigurationList section */
		2247DB5F251F3E8200DC6F4D /* Build configuration list for PBXNativeTarget "MyerSplashWidgetExtension" */ = {
			isa = XCConfigurationList;
			buildConfigurations = (
				2247DB5D251F3E8200DC6F4D /* Debug */,
				2247DB5E251F3E8200DC6F4D /* Release */,
			);
			defaultConfigurationIsVisible = 0;
			defaultConfigurationName = Release;
		};
		22639D94266D261B00B76C02 /* Build configuration list for PBXNativeTarget "MacPlugin" */ = {
			isa = XCConfigurationList;
			buildConfigurations = (
				22639D92266D261B00B76C02 /* Debug */,
				22639D93266D261B00B76C02 /* Release */,
			);
			defaultConfigurationIsVisible = 0;
			defaultConfigurationName = Release;
		};
		22D39FFB251F00DA00F69A36 /* Build configuration list for PBXNativeTarget "MyerSplashShared" */ = {
			isa = XCConfigurationList;
			buildConfigurations = (
				22D39FF9251F00DA00F69A36 /* Debug */,
				22D39FFA251F00DA00F69A36 /* Release */,
			);
			defaultConfigurationIsVisible = 0;
			defaultConfigurationName = Release;
		};
		F0D247B41FF7C35000BB8076 /* Build configuration list for PBXProject "MyerSplash" */ = {
			isa = XCConfigurationList;
			buildConfigurations = (
				F0D247C91FF7C35000BB8076 /* Debug */,
				F0D247CA1FF7C35000BB8076 /* Release */,
			);
			defaultConfigurationIsVisible = 0;
			defaultConfigurationName = Release;
		};
		F0D247CB1FF7C35000BB8076 /* Build configuration list for PBXNativeTarget "MyerSplash" */ = {
			isa = XCConfigurationList;
			buildConfigurations = (
				F0D247CC1FF7C35000BB8076 /* Debug */,
				F0D247CD1FF7C35000BB8076 /* Release */,
			);
			defaultConfigurationIsVisible = 0;
			defaultConfigurationName = Release;
		};
/* End XCConfigurationList section */
	};
	rootObject = F0D247B11FF7C35000BB8076 /* Project object */;
}
